// !$*UTF8*$!
{
	archiveVersion = 1;
	classes = {
	};
	objectVersion = 56;
	objects = {

/* Begin PBXBuildFile section */
		841CA3012CC7C12600FCEDF8 /* TrackerCoreData.xcdatamodeld in Sources */ = {isa = PBXBuildFile; fileRef = 841CA2FF2CC7C12600FCEDF8 /* TrackerCoreData.xcdatamodeld */; };
		843900F32CEB156500F7CB54 /* SViewModel.swift in Sources */ = {isa = PBXBuildFile; fileRef = 843900F22CEB156500F7CB54 /* SViewModel.swift */; };
		843900F52CEB158700F7CB54 /* StatisticsData.swift in Sources */ = {isa = PBXBuildFile; fileRef = 843900F42CEB158700F7CB54 /* StatisticsData.swift */; };
		843900F72CEB15A100F7CB54 /* StatisticCell.swift in Sources */ = {isa = PBXBuildFile; fileRef = 843900F62CEB15A100F7CB54 /* StatisticCell.swift */; };
		843900F92CEB175000F7CB54 /* CategoryViewModel.swift in Sources */ = {isa = PBXBuildFile; fileRef = 843900F82CEB175000F7CB54 /* CategoryViewModel.swift */; };
		843900FC2CEB1AEB00F7CB54 /* ColorDataProvider.swift in Sources */ = {isa = PBXBuildFile; fileRef = 843900FB2CEB1AEB00F7CB54 /* ColorDataProvider.swift */; };
		843900FE2CEB1B0900F7CB54 /* TableViewCellsHelper..swift in Sources */ = {isa = PBXBuildFile; fileRef = 843900FD2CEB1B0900F7CB54 /* TableViewCellsHelper..swift */; };
		843901002CEB1B1C00F7CB54 /* ContextMenHelper.swift in Sources */ = {isa = PBXBuildFile; fileRef = 843900FF2CEB1B1C00F7CB54 /* ContextMenHelper.swift */; };
		843901022CEB1B2900F7CB54 /* EmojiDataProvider.swift in Sources */ = {isa = PBXBuildFile; fileRef = 843901012CEB1B2900F7CB54 /* EmojiDataProvider.swift */; };
		843901042CEB1B3600F7CB54 /* HandleActionsHelper.swift in Sources */ = {isa = PBXBuildFile; fileRef = 843901032CEB1B3600F7CB54 /* HandleActionsHelper.swift */; };
		843901062CEB1B4900F7CB54 /* TableViewHelper.swift in Sources */ = {isa = PBXBuildFile; fileRef = 843901052CEB1B4900F7CB54 /* TableViewHelper.swift */; };
		843901232CEB20B100F7CB54 /* OnboardingHelper.swift in Sources */ = {isa = PBXBuildFile; fileRef = 843901222CEB20B000F7CB54 /* OnboardingHelper.swift */; };
		843901252CEB20C500F7CB54 /* OnboardingPageViewController.s.swift in Sources */ = {isa = PBXBuildFile; fileRef = 843901242CEB20C300F7CB54 /* OnboardingPageViewController.s.swift */; };
		843901272CEB20D000F7CB54 /* OnboardingStatus.swift in Sources */ = {isa = PBXBuildFile; fileRef = 843901262CEB20CF00F7CB54 /* OnboardingStatus.swift */; };
		843901292CEB20DB00F7CB54 /* OnboardingViewController.swift in Sources */ = {isa = PBXBuildFile; fileRef = 843901282CEB20DA00F7CB54 /* OnboardingViewController.swift */; };
		849187E52CC0991D00523431 /* AppDelegate.swift in Sources */ = {isa = PBXBuildFile; fileRef = 849187E42CC0991D00523431 /* AppDelegate.swift */; };
		849187E72CC0991D00523431 /* SceneDelegate.swift in Sources */ = {isa = PBXBuildFile; fileRef = 849187E62CC0991D00523431 /* SceneDelegate.swift */; };
		849187EE2CC0992000523431 /* Assets.xcassets in Resources */ = {isa = PBXBuildFile; fileRef = 849187ED2CC0992000523431 /* Assets.xcassets */; };
		849187F92CC099FC00523431 /* Loger.swift in Sources */ = {isa = PBXBuildFile; fileRef = 849187F82CC099FC00523431 /* Loger.swift */; };
		849187FB2CC09A1500523431 /* GeometricParams.swift in Sources */ = {isa = PBXBuildFile; fileRef = 849187FA2CC09A1500523431 /* GeometricParams.swift */; };
		849188022CC09A2100523431 /* GlobalFunc.swift in Sources */ = {isa = PBXBuildFile; fileRef = 849187FC2CC09A2100523431 /* GlobalFunc.swift */; };
		849188032CC09A2100523431 /* Notification + Extension.swift in Sources */ = {isa = PBXBuildFile; fileRef = 849187FD2CC09A2100523431 /* Notification + Extension.swift */; };
		849188042CC09A2100523431 /* UIButton + Extensions.swift in Sources */ = {isa = PBXBuildFile; fileRef = 849187FE2CC09A2100523431 /* UIButton + Extensions.swift */; };
		849188052CC09A2100523431 /* UIColor + Extensions.swift in Sources */ = {isa = PBXBuildFile; fileRef = 849187FF2CC09A2100523431 /* UIColor + Extensions.swift */; };
		849188062CC09A2100523431 /* UIView + Extension.swift in Sources */ = {isa = PBXBuildFile; fileRef = 849188002CC09A2100523431 /* UIView + Extension.swift */; };
		8491880A2CC09A3300523431 /* Cell.swift in Sources */ = {isa = PBXBuildFile; fileRef = 849188072CC09A3300523431 /* Cell.swift */; };
		8491880B2CC09A3300523431 /* ViewController.swift in Sources */ = {isa = PBXBuildFile; fileRef = 849188082CC09A3300523431 /* ViewController.swift */; };
		849188152CC09A3C00523431 /* CategoryBaseCell.swift in Sources */ = {isa = PBXBuildFile; fileRef = 8491880C2CC09A3C00523431 /* CategoryBaseCell.swift */; };
		849188162CC09A3C00523431 /* ColorsCollectionViewCell.swift in Sources */ = {isa = PBXBuildFile; fileRef = 8491880D2CC09A3C00523431 /* ColorsCollectionViewCell.swift */; };
		849188172CC09A3C00523431 /* ColorsTableViewCell.swift in Sources */ = {isa = PBXBuildFile; fileRef = 8491880E2CC09A3C00523431 /* ColorsTableViewCell.swift */; };
		849188182CC09A3C00523431 /* CreateButtonsViewCell.swift in Sources */ = {isa = PBXBuildFile; fileRef = 8491880F2CC09A3C00523431 /* CreateButtonsViewCell.swift */; };
		849188192CC09A3C00523431 /* TextViewCell.swift in Sources */ = {isa = PBXBuildFile; fileRef = 849188102CC09A3C00523431 /* TextViewCell.swift */; };
		8491881A2CC09A3C00523431 /* CreatingTrackerViewController.swift in Sources */ = {isa = PBXBuildFile; fileRef = 849188122CC09A3C00523431 /* CreatingTrackerViewController.swift */; };
		8491881B2CC09A3C00523431 /* TrackerSection.swift in Sources */ = {isa = PBXBuildFile; fileRef = 849188132CC09A3C00523431 /* TrackerSection.swift */; };
		8491881E2CC09A4700523431 /* MainViewController.swift in Sources */ = {isa = PBXBuildFile; fileRef = 8491881C2CC09A4700523431 /* MainViewController.swift */; };
		849188202CC09A5800523431 /* Plholder.swift in Sources */ = {isa = PBXBuildFile; fileRef = 8491881F2CC09A5800523431 /* Plholder.swift */; };
		849188262CC09A7200523431 /* StatisticViewController.swift in Sources */ = {isa = PBXBuildFile; fileRef = 849188212CC09A7200523431 /* StatisticViewController.swift */; };
		849188272CC09A7200523431 /* ScheduleCell.swift in Sources */ = {isa = PBXBuildFile; fileRef = 849188232CC09A7200523431 /* ScheduleCell.swift */; };
		849188282CC09A7200523431 /* ScheduleViewController.swift in Sources */ = {isa = PBXBuildFile; fileRef = 849188242CC09A7200523431 /* ScheduleViewController.swift */; };
		849188362CC09A7700523431 /* CoreDataStack.swift in Sources */ = {isa = PBXBuildFile; fileRef = 849188292CC09A7700523431 /* CoreDataStack.swift */; };
		849188392CC09A7700523431 /* TrackerCategoryStore.swift in Sources */ = {isa = PBXBuildFile; fileRef = 8491882D2CC09A7700523431 /* TrackerCategoryStore.swift */; };
		8491883A2CC09A7700523431 /* TrackerStore.swift in Sources */ = {isa = PBXBuildFile; fileRef = 8491882E2CC09A7700523431 /* TrackerStore.swift */; };
		8491883B2CC09A7700523431 /* DayOfTheWeek.swift in Sources */ = {isa = PBXBuildFile; fileRef = 849188302CC09A7700523431 /* DayOfTheWeek.swift */; };
		8491883C2CC09A7700523431 /* TCategory.swift in Sources */ = {isa = PBXBuildFile; fileRef = 849188312CC09A7700523431 /* TCategory.swift */; };
		8491883D2CC09A7700523431 /* Tracker.swift in Sources */ = {isa = PBXBuildFile; fileRef = 849188322CC09A7700523431 /* Tracker.swift */; };
		8491883E2CC09A7700523431 /* TRecord.swift in Sources */ = {isa = PBXBuildFile; fileRef = 849188332CC09A7700523431 /* TRecord.swift */; };
		849188492CC09A7B00523431 /* HeaderView..swift in Sources */ = {isa = PBXBuildFile; fileRef = 8491883F2CC09A7B00523431 /* HeaderView..swift */; };
		8491884A2CC09A7B00523431 /* TrackersCardCell.swift in Sources */ = {isa = PBXBuildFile; fileRef = 849188402CC09A7B00523431 /* TrackersCardCell.swift */; };
		8491884B2CC09A7B00523431 /* ViewController + Extension DataSource.swift in Sources */ = {isa = PBXBuildFile; fileRef = 849188422CC09A7B00523431 /* ViewController + Extension DataSource.swift */; };
		8491884C2CC09A7B00523431 /* ViewController + Extension Delegate.swift in Sources */ = {isa = PBXBuildFile; fileRef = 849188432CC09A7B00523431 /* ViewController + Extension Delegate.swift */; };
		8491884D2CC09A7B00523431 /* ViewController + Extension DelegateFlowLayout.swift in Sources */ = {isa = PBXBuildFile; fileRef = 849188442CC09A7B00523431 /* ViewController + Extension DelegateFlowLayout.swift */; };
		8491884E2CC09A7B00523431 /* TrackersPresenter.swift in Sources */ = {isa = PBXBuildFile; fileRef = 849188462CC09A7B00523431 /* TrackersPresenter.swift */; };
		8491884F2CC09A7B00523431 /* TrackersViewController.swift in Sources */ = {isa = PBXBuildFile; fileRef = 849188472CC09A7B00523431 /* TrackersViewController.swift */; };
		849188572CC09A8000523431 /* BaseTrackerViewController.swift in Sources */ = {isa = PBXBuildFile; fileRef = 849188502CC09A8000523431 /* BaseTrackerViewController.swift */; };
		849188582CC09A8000523431 /* ConfiguratorFactory.swift in Sources */ = {isa = PBXBuildFile; fileRef = 849188512CC09A8000523431 /* ConfiguratorFactory.swift */; };
		849188592CC09A8000523431 /* LayoutConfigurator.swift in Sources */ = {isa = PBXBuildFile; fileRef = 849188522CC09A8000523431 /* LayoutConfigurator.swift */; };
		8491885A2CC09A8000523431 /* TrackerViewControllerType.swift in Sources */ = {isa = PBXBuildFile; fileRef = 849188532CC09A8000523431 /* TrackerViewControllerType.swift */; };
		8491885B2CC09A8000523431 /* TypeTrackersLayoutConfigurator.swift in Sources */ = {isa = PBXBuildFile; fileRef = 849188542CC09A8000523431 /* TypeTrackersLayoutConfigurator.swift */; };
		8491885C2CC09A8000523431 /* TypeTrackersViewController.swift in Sources */ = {isa = PBXBuildFile; fileRef = 849188552CC09A8000523431 /* TypeTrackersViewController.swift */; };
		84AA2FE52CECD29100B652DF /* LaunchScreen.storyboard in Resources */ = {isa = PBXBuildFile; fileRef = 84AA2FE42CECD29100B652DF /* LaunchScreen.storyboard */; };
		84AA2FE82CECD2FD00B652DF /* Localizable.strings in Resources */ = {isa = PBXBuildFile; fileRef = 84AA2FE62CECD2FD00B652DF /* Localizable.strings */; };
		84AA2FEE2CF5EA1700B652DF /* Analytics.swift in Sources */ = {isa = PBXBuildFile; fileRef = 84AA2FED2CF5EA1700B652DF /* Analytics.swift */; };
		84AFF9BE2CF5EF9B00E8867E /* KeychainService.swift in Sources */ = {isa = PBXBuildFile; fileRef = 84AFF9BD2CF5EF9B00E8867E /* KeychainService.swift */; };
		84AFF9C02CF5F0CB00E8867E /* GlobalConstants.swift in Sources */ = {isa = PBXBuildFile; fileRef = 84AFF9BF2CF5F0CA00E8867E /* GlobalConstants.swift */; };
		84AFF9C22CF5F12A00E8867E /* GradientBorderView.swift in Sources */ = {isa = PBXBuildFile; fileRef = 84AFF9C12CF5F12900E8867E /* GradientBorderView.swift */; };
		84AFF9C42CF5F1E900E8867E /* UIImage + Extensions.swift in Sources */ = {isa = PBXBuildFile; fileRef = 84AFF9C32CF5F1E800E8867E /* UIImage + Extensions.swift */; };
		84AFF9C62CF5F35C00E8867E /* README.md in Resources */ = {isa = PBXBuildFile; fileRef = 84AFF9C52CF5F35C00E8867E /* README.md */; };
		84AFF9E02CF6009200E8867E /* InlineSnapshotTesting in Frameworks */ = {isa = PBXBuildFile; productRef = 84AFF9DF2CF6009200E8867E /* InlineSnapshotTesting */; };
		84C222922CF6800B005FF976 /* SnapshotTesting in Frameworks */ = {isa = PBXBuildFile; productRef = 84C222912CF6800B005FF976 /* SnapshotTesting */; };
		84C222932CF680A7005FF976 /* Pods_Tracker.framework in Frameworks */ = {isa = PBXBuildFile; fileRef = B9864D629BB1071271F0AD71 /* Pods_Tracker.framework */; };
		84C222942CF680A7005FF976 /* Pods_Tracker.framework in Embed Frameworks */ = {isa = PBXBuildFile; fileRef = B9864D629BB1071271F0AD71 /* Pods_Tracker.framework */; settings = {ATTRIBUTES = (CodeSignOnCopy, RemoveHeadersOnCopy, ); }; };
		84C222982CF68115005FF976 /* TrackerTests.swift in Sources */ = {isa = PBXBuildFile; fileRef = 84C222962CF68115005FF976 /* TrackerTests.swift */; };
		84C2229A2CF686D7005FF976 /* TrackerDataProvider.swift in Sources */ = {isa = PBXBuildFile; fileRef = 84C222992CF686D5005FF976 /* TrackerDataProvider.swift */; };
		84C2229C2CF68B91005FF976 /* TrackerRecordStore.swift in Sources */ = {isa = PBXBuildFile; fileRef = 84C2229B2CF68B8F005FF976 /* TrackerRecordStore.swift */; };
		84C2229E2CF68E0C005FF976 /* ContextMHelper.swift in Sources */ = {isa = PBXBuildFile; fileRef = 84C2229D2CF68E0B005FF976 /* ContextMHelper.swift */; };
		84C222A02CF68F01005FF976 /* BaseViewController.swift in Sources */ = {isa = PBXBuildFile; fileRef = 84C2229F2CF68F00005FF976 /* BaseViewController.swift */; };
		84C222A22CF68F1D005FF976 /* ViewControllerType.swift in Sources */ = {isa = PBXBuildFile; fileRef = 84C222A12CF68F1B005FF976 /* ViewControllerType.swift */; };
		84C222A52CF68FA3005FF976 /* ContextMenuHelper.swift in Sources */ = {isa = PBXBuildFile; fileRef = 84C222A42CF68FA2005FF976 /* ContextMenuHelper.swift */; };
		84C222A72CF73D1D005FF976 /* StatisticsStore.swift in Sources */ = {isa = PBXBuildFile; fileRef = 84C222A62CF73D1B005FF976 /* StatisticsStore.swift */; };
		84C222AA2CF741B3005FF976 /* FilterViewController.swift in Sources */ = {isa = PBXBuildFile; fileRef = 84C222A92CF741B2005FF976 /* FilterViewController.swift */; };
		84C222AC2CF741D6005FF976 /* TrackersFilterManager.swift in Sources */ = {isa = PBXBuildFile; fileRef = 84C222AB2CF741D5005FF976 /* TrackersFilterManager.swift */; };
		C14ED4BB2B52376E0CB556B8 /* Pods_TrackerTests.framework in Frameworks */ = {isa = PBXBuildFile; fileRef = D1E6C92485DEB20B8E2D4407 /* Pods_TrackerTests.framework */; };
/* End PBXBuildFile section */

/* Begin PBXContainerItemProxy section */
		84AFF9D92CF6005A00E8867E /* PBXContainerItemProxy */ = {
			isa = PBXContainerItemProxy;
			containerPortal = 849187D92CC0991D00523431 /* Project object */;
			proxyType = 1;
			remoteGlobalIDString = 849187E02CC0991D00523431;
			remoteInfo = Tracker;
		};
/* End PBXContainerItemProxy section */

/* Begin PBXCopyFilesBuildPhase section */
		84C222952CF680A7005FF976 /* Embed Frameworks */ = {
			isa = PBXCopyFilesBuildPhase;
			buildActionMask = 2147483647;
			dstPath = "";
			dstSubfolderSpec = 10;
			files = (
				84C222942CF680A7005FF976 /* Pods_Tracker.framework in Embed Frameworks */,
			);
			name = "Embed Frameworks";
			runOnlyForDeploymentPostprocessing = 0;
		};
/* End PBXCopyFilesBuildPhase section */

/* Begin PBXFileReference section */
		002D27E911E1F03E7AD9FFE2 /* Pods-TrackerTests.release.xcconfig */ = {isa = PBXFileReference; includeInIndex = 1; lastKnownFileType = text.xcconfig; name = "Pods-TrackerTests.release.xcconfig"; path = "Target Support Files/Pods-TrackerTests/Pods-TrackerTests.release.xcconfig"; sourceTree = "<group>"; };
		56EED4C62BF880A35C340A16 /* Pods-Tracker.release.xcconfig */ = {isa = PBXFileReference; includeInIndex = 1; lastKnownFileType = text.xcconfig; name = "Pods-Tracker.release.xcconfig"; path = "Target Support Files/Pods-Tracker/Pods-Tracker.release.xcconfig"; sourceTree = "<group>"; };
		603071B6FCB5A7A5BC21E61F /* Pods-Tracker.debug.xcconfig */ = {isa = PBXFileReference; includeInIndex = 1; lastKnownFileType = text.xcconfig; name = "Pods-Tracker.debug.xcconfig"; path = "Target Support Files/Pods-Tracker/Pods-Tracker.debug.xcconfig"; sourceTree = "<group>"; };
		841CA3002CC7C12600FCEDF8 /* TrackerCoreData.xcdatamodel */ = {isa = PBXFileReference; lastKnownFileType = wrapper.xcdatamodel; path = TrackerCoreData.xcdatamodel; sourceTree = "<group>"; };
		843900F22CEB156500F7CB54 /* SViewModel.swift */ = {isa = PBXFileReference; lastKnownFileType = sourcecode.swift; path = SViewModel.swift; sourceTree = "<group>"; };
		843900F42CEB158700F7CB54 /* StatisticsData.swift */ = {isa = PBXFileReference; lastKnownFileType = sourcecode.swift; path = StatisticsData.swift; sourceTree = "<group>"; };
		843900F62CEB15A100F7CB54 /* StatisticCell.swift */ = {isa = PBXFileReference; lastKnownFileType = sourcecode.swift; path = StatisticCell.swift; sourceTree = "<group>"; };
		843900F82CEB175000F7CB54 /* CategoryViewModel.swift */ = {isa = PBXFileReference; lastKnownFileType = sourcecode.swift; path = CategoryViewModel.swift; sourceTree = "<group>"; };
		843900FB2CEB1AEB00F7CB54 /* ColorDataProvider.swift */ = {isa = PBXFileReference; lastKnownFileType = sourcecode.swift; path = ColorDataProvider.swift; sourceTree = "<group>"; };
		843900FD2CEB1B0900F7CB54 /* TableViewCellsHelper..swift */ = {isa = PBXFileReference; lastKnownFileType = sourcecode.swift; path = TableViewCellsHelper..swift; sourceTree = "<group>"; };
		843900FF2CEB1B1C00F7CB54 /* ContextMenHelper.swift */ = {isa = PBXFileReference; lastKnownFileType = sourcecode.swift; path = ContextMenHelper.swift; sourceTree = "<group>"; };
		843901012CEB1B2900F7CB54 /* EmojiDataProvider.swift */ = {isa = PBXFileReference; lastKnownFileType = sourcecode.swift; path = EmojiDataProvider.swift; sourceTree = "<group>"; };
		843901032CEB1B3600F7CB54 /* HandleActionsHelper.swift */ = {isa = PBXFileReference; lastKnownFileType = sourcecode.swift; path = HandleActionsHelper.swift; sourceTree = "<group>"; };
		843901052CEB1B4900F7CB54 /* TableViewHelper.swift */ = {isa = PBXFileReference; lastKnownFileType = sourcecode.swift; path = TableViewHelper.swift; sourceTree = "<group>"; };
		843901222CEB20B000F7CB54 /* OnboardingHelper.swift */ = {isa = PBXFileReference; lastKnownFileType = sourcecode.swift; path = OnboardingHelper.swift; sourceTree = "<group>"; };
		843901242CEB20C300F7CB54 /* OnboardingPageViewController.s.swift */ = {isa = PBXFileReference; lastKnownFileType = sourcecode.swift; path = OnboardingPageViewController.s.swift; sourceTree = "<group>"; };
		843901262CEB20CF00F7CB54 /* OnboardingStatus.swift */ = {isa = PBXFileReference; lastKnownFileType = sourcecode.swift; path = OnboardingStatus.swift; sourceTree = "<group>"; };
		843901282CEB20DA00F7CB54 /* OnboardingViewController.swift */ = {isa = PBXFileReference; lastKnownFileType = sourcecode.swift; path = OnboardingViewController.swift; sourceTree = "<group>"; };
		849187E12CC0991D00523431 /* Tracker.app */ = {isa = PBXFileReference; explicitFileType = wrapper.application; includeInIndex = 0; path = Tracker.app; sourceTree = BUILT_PRODUCTS_DIR; };
		849187E42CC0991D00523431 /* AppDelegate.swift */ = {isa = PBXFileReference; lastKnownFileType = sourcecode.swift; path = AppDelegate.swift; sourceTree = "<group>"; };
		849187E62CC0991D00523431 /* SceneDelegate.swift */ = {isa = PBXFileReference; lastKnownFileType = sourcecode.swift; path = SceneDelegate.swift; sourceTree = "<group>"; };
		849187ED2CC0992000523431 /* Assets.xcassets */ = {isa = PBXFileReference; lastKnownFileType = folder.assetcatalog; path = Assets.xcassets; sourceTree = "<group>"; };
		849187F22CC0992000523431 /* Info.plist */ = {isa = PBXFileReference; lastKnownFileType = text.plist.xml; path = Info.plist; sourceTree = "<group>"; };
		849187F82CC099FC00523431 /* Loger.swift */ = {isa = PBXFileReference; fileEncoding = 4; lastKnownFileType = sourcecode.swift; path = Loger.swift; sourceTree = "<group>"; };
		849187FA2CC09A1500523431 /* GeometricParams.swift */ = {isa = PBXFileReference; fileEncoding = 4; lastKnownFileType = sourcecode.swift; path = GeometricParams.swift; sourceTree = "<group>"; };
		849187FC2CC09A2100523431 /* GlobalFunc.swift */ = {isa = PBXFileReference; fileEncoding = 4; lastKnownFileType = sourcecode.swift; path = GlobalFunc.swift; sourceTree = "<group>"; };
		849187FD2CC09A2100523431 /* Notification + Extension.swift */ = {isa = PBXFileReference; fileEncoding = 4; lastKnownFileType = sourcecode.swift; path = "Notification + Extension.swift"; sourceTree = "<group>"; };
		849187FE2CC09A2100523431 /* UIButton + Extensions.swift */ = {isa = PBXFileReference; fileEncoding = 4; lastKnownFileType = sourcecode.swift; path = "UIButton + Extensions.swift"; sourceTree = "<group>"; };
		849187FF2CC09A2100523431 /* UIColor + Extensions.swift */ = {isa = PBXFileReference; fileEncoding = 4; lastKnownFileType = sourcecode.swift; path = "UIColor + Extensions.swift"; sourceTree = "<group>"; };
		849188002CC09A2100523431 /* UIView + Extension.swift */ = {isa = PBXFileReference; fileEncoding = 4; lastKnownFileType = sourcecode.swift; path = "UIView + Extension.swift"; sourceTree = "<group>"; };
		849188072CC09A3300523431 /* Cell.swift */ = {isa = PBXFileReference; fileEncoding = 4; lastKnownFileType = sourcecode.swift; path = Cell.swift; sourceTree = "<group>"; };
		849188082CC09A3300523431 /* ViewController.swift */ = {isa = PBXFileReference; fileEncoding = 4; lastKnownFileType = sourcecode.swift; path = ViewController.swift; sourceTree = "<group>"; };
		8491880C2CC09A3C00523431 /* CategoryBaseCell.swift */ = {isa = PBXFileReference; fileEncoding = 4; lastKnownFileType = sourcecode.swift; path = CategoryBaseCell.swift; sourceTree = "<group>"; };
		8491880D2CC09A3C00523431 /* ColorsCollectionViewCell.swift */ = {isa = PBXFileReference; fileEncoding = 4; lastKnownFileType = sourcecode.swift; path = ColorsCollectionViewCell.swift; sourceTree = "<group>"; };
		8491880E2CC09A3C00523431 /* ColorsTableViewCell.swift */ = {isa = PBXFileReference; fileEncoding = 4; lastKnownFileType = sourcecode.swift; path = ColorsTableViewCell.swift; sourceTree = "<group>"; };
		8491880F2CC09A3C00523431 /* CreateButtonsViewCell.swift */ = {isa = PBXFileReference; fileEncoding = 4; lastKnownFileType = sourcecode.swift; path = CreateButtonsViewCell.swift; sourceTree = "<group>"; };
		849188102CC09A3C00523431 /* TextViewCell.swift */ = {isa = PBXFileReference; fileEncoding = 4; lastKnownFileType = sourcecode.swift; path = TextViewCell.swift; sourceTree = "<group>"; };
		849188122CC09A3C00523431 /* CreatingTrackerViewController.swift */ = {isa = PBXFileReference; fileEncoding = 4; lastKnownFileType = sourcecode.swift; path = CreatingTrackerViewController.swift; sourceTree = "<group>"; };
		849188132CC09A3C00523431 /* TrackerSection.swift */ = {isa = PBXFileReference; fileEncoding = 4; lastKnownFileType = sourcecode.swift; path = TrackerSection.swift; sourceTree = "<group>"; };
		8491881C2CC09A4700523431 /* MainViewController.swift */ = {isa = PBXFileReference; fileEncoding = 4; lastKnownFileType = sourcecode.swift; path = MainViewController.swift; sourceTree = "<group>"; };
		8491881F2CC09A5800523431 /* Plholder.swift */ = {isa = PBXFileReference; fileEncoding = 4; lastKnownFileType = sourcecode.swift; path = Plholder.swift; sourceTree = "<group>"; };
		849188212CC09A7200523431 /* StatisticViewController.swift */ = {isa = PBXFileReference; fileEncoding = 4; lastKnownFileType = sourcecode.swift; path = StatisticViewController.swift; sourceTree = "<group>"; };
		849188232CC09A7200523431 /* ScheduleCell.swift */ = {isa = PBXFileReference; fileEncoding = 4; lastKnownFileType = sourcecode.swift; path = ScheduleCell.swift; sourceTree = "<group>"; };
		849188242CC09A7200523431 /* ScheduleViewController.swift */ = {isa = PBXFileReference; fileEncoding = 4; lastKnownFileType = sourcecode.swift; path = ScheduleViewController.swift; sourceTree = "<group>"; };
		849188292CC09A7700523431 /* CoreDataStack.swift */ = {isa = PBXFileReference; fileEncoding = 4; lastKnownFileType = sourcecode.swift; path = CoreDataStack.swift; sourceTree = "<group>"; };
		8491882D2CC09A7700523431 /* TrackerCategoryStore.swift */ = {isa = PBXFileReference; fileEncoding = 4; lastKnownFileType = sourcecode.swift; path = TrackerCategoryStore.swift; sourceTree = "<group>"; };
		8491882E2CC09A7700523431 /* TrackerStore.swift */ = {isa = PBXFileReference; fileEncoding = 4; lastKnownFileType = sourcecode.swift; path = TrackerStore.swift; sourceTree = "<group>"; };
		849188302CC09A7700523431 /* DayOfTheWeek.swift */ = {isa = PBXFileReference; fileEncoding = 4; lastKnownFileType = sourcecode.swift; path = DayOfTheWeek.swift; sourceTree = "<group>"; };
		849188312CC09A7700523431 /* TCategory.swift */ = {isa = PBXFileReference; fileEncoding = 4; lastKnownFileType = sourcecode.swift; path = TCategory.swift; sourceTree = "<group>"; };
		849188322CC09A7700523431 /* Tracker.swift */ = {isa = PBXFileReference; fileEncoding = 4; lastKnownFileType = sourcecode.swift; path = Tracker.swift; sourceTree = "<group>"; };
		849188332CC09A7700523431 /* TRecord.swift */ = {isa = PBXFileReference; fileEncoding = 4; lastKnownFileType = sourcecode.swift; path = TRecord.swift; sourceTree = "<group>"; };
		8491883F2CC09A7B00523431 /* HeaderView..swift */ = {isa = PBXFileReference; fileEncoding = 4; lastKnownFileType = sourcecode.swift; path = HeaderView..swift; sourceTree = "<group>"; };
		849188402CC09A7B00523431 /* TrackersCardCell.swift */ = {isa = PBXFileReference; fileEncoding = 4; lastKnownFileType = sourcecode.swift; path = TrackersCardCell.swift; sourceTree = "<group>"; };
		849188422CC09A7B00523431 /* ViewController + Extension DataSource.swift */ = {isa = PBXFileReference; fileEncoding = 4; lastKnownFileType = sourcecode.swift; path = "ViewController + Extension DataSource.swift"; sourceTree = "<group>"; };
		849188432CC09A7B00523431 /* ViewController + Extension Delegate.swift */ = {isa = PBXFileReference; fileEncoding = 4; lastKnownFileType = sourcecode.swift; path = "ViewController + Extension Delegate.swift"; sourceTree = "<group>"; };
		849188442CC09A7B00523431 /* ViewController + Extension DelegateFlowLayout.swift */ = {isa = PBXFileReference; fileEncoding = 4; lastKnownFileType = sourcecode.swift; path = "ViewController + Extension DelegateFlowLayout.swift"; sourceTree = "<group>"; };
		849188462CC09A7B00523431 /* TrackersPresenter.swift */ = {isa = PBXFileReference; fileEncoding = 4; lastKnownFileType = sourcecode.swift; path = TrackersPresenter.swift; sourceTree = "<group>"; };
		849188472CC09A7B00523431 /* TrackersViewController.swift */ = {isa = PBXFileReference; fileEncoding = 4; lastKnownFileType = sourcecode.swift; path = TrackersViewController.swift; sourceTree = "<group>"; };
		849188502CC09A8000523431 /* BaseTrackerViewController.swift */ = {isa = PBXFileReference; fileEncoding = 4; lastKnownFileType = sourcecode.swift; path = BaseTrackerViewController.swift; sourceTree = "<group>"; };
		849188512CC09A8000523431 /* ConfiguratorFactory.swift */ = {isa = PBXFileReference; fileEncoding = 4; lastKnownFileType = sourcecode.swift; path = ConfiguratorFactory.swift; sourceTree = "<group>"; };
		849188522CC09A8000523431 /* LayoutConfigurator.swift */ = {isa = PBXFileReference; fileEncoding = 4; lastKnownFileType = sourcecode.swift; path = LayoutConfigurator.swift; sourceTree = "<group>"; };
		849188532CC09A8000523431 /* TrackerViewControllerType.swift */ = {isa = PBXFileReference; fileEncoding = 4; lastKnownFileType = sourcecode.swift; path = TrackerViewControllerType.swift; sourceTree = "<group>"; };
		849188542CC09A8000523431 /* TypeTrackersLayoutConfigurator.swift */ = {isa = PBXFileReference; fileEncoding = 4; lastKnownFileType = sourcecode.swift; path = TypeTrackersLayoutConfigurator.swift; sourceTree = "<group>"; };
		849188552CC09A8000523431 /* TypeTrackersViewController.swift */ = {isa = PBXFileReference; fileEncoding = 4; lastKnownFileType = sourcecode.swift; path = TypeTrackersViewController.swift; sourceTree = "<group>"; };
		84AA2FE42CECD29100B652DF /* LaunchScreen.storyboard */ = {isa = PBXFileReference; lastKnownFileType = file.storyboard; name = LaunchScreen.storyboard; path = Base.lproj/LaunchScreen.storyboard; sourceTree = "<group>"; };
		84AA2FE72CECD2FD00B652DF /* en */ = {isa = PBXFileReference; lastKnownFileType = text.plist.strings; name = en; path = en.lproj/Localizable.strings; sourceTree = "<group>"; };
		84AA2FE92CECD31B00B652DF /* ru */ = {isa = PBXFileReference; lastKnownFileType = text.plist.strings; name = ru; path = ru.lproj/Localizable.strings; sourceTree = "<group>"; };
		84AA2FED2CF5EA1700B652DF /* Analytics.swift */ = {isa = PBXFileReference; lastKnownFileType = sourcecode.swift; path = Analytics.swift; sourceTree = "<group>"; };
		84AFF9BD2CF5EF9B00E8867E /* KeychainService.swift */ = {isa = PBXFileReference; lastKnownFileType = sourcecode.swift; path = KeychainService.swift; sourceTree = "<group>"; };
		84AFF9BF2CF5F0CA00E8867E /* GlobalConstants.swift */ = {isa = PBXFileReference; lastKnownFileType = sourcecode.swift; path = GlobalConstants.swift; sourceTree = "<group>"; };
		84AFF9C12CF5F12900E8867E /* GradientBorderView.swift */ = {isa = PBXFileReference; lastKnownFileType = sourcecode.swift; path = GradientBorderView.swift; sourceTree = "<group>"; };
		84AFF9C32CF5F1E800E8867E /* UIImage + Extensions.swift */ = {isa = PBXFileReference; lastKnownFileType = sourcecode.swift; path = "UIImage + Extensions.swift"; sourceTree = "<group>"; };
		84AFF9C52CF5F35C00E8867E /* README.md */ = {isa = PBXFileReference; lastKnownFileType = net.daringfireball.markdown; path = README.md; sourceTree = "<group>"; };
		84AFF9D52CF6005A00E8867E /* TrackerTests.xctest */ = {isa = PBXFileReference; explicitFileType = wrapper.cfbundle; includeInIndex = 0; path = TrackerTests.xctest; sourceTree = BUILT_PRODUCTS_DIR; };
		84C222962CF68115005FF976 /* TrackerTests.swift */ = {isa = PBXFileReference; lastKnownFileType = sourcecode.swift; path = TrackerTests.swift; sourceTree = "<group>"; };
		84C222992CF686D5005FF976 /* TrackerDataProvider.swift */ = {isa = PBXFileReference; lastKnownFileType = sourcecode.swift; path = TrackerDataProvider.swift; sourceTree = "<group>"; };
		84C2229B2CF68B8F005FF976 /* TrackerRecordStore.swift */ = {isa = PBXFileReference; lastKnownFileType = sourcecode.swift; path = TrackerRecordStore.swift; sourceTree = "<group>"; };
		84C2229D2CF68E0B005FF976 /* ContextMHelper.swift */ = {isa = PBXFileReference; lastKnownFileType = sourcecode.swift; path = ContextMHelper.swift; sourceTree = "<group>"; };
		84C2229F2CF68F00005FF976 /* BaseViewController.swift */ = {isa = PBXFileReference; lastKnownFileType = sourcecode.swift; path = BaseViewController.swift; sourceTree = "<group>"; };
		84C222A12CF68F1B005FF976 /* ViewControllerType.swift */ = {isa = PBXFileReference; lastKnownFileType = sourcecode.swift; path = ViewControllerType.swift; sourceTree = "<group>"; };
		84C222A42CF68FA2005FF976 /* ContextMenuHelper.swift */ = {isa = PBXFileReference; lastKnownFileType = sourcecode.swift; path = ContextMenuHelper.swift; sourceTree = "<group>"; };
		84C222A62CF73D1B005FF976 /* StatisticsStore.swift */ = {isa = PBXFileReference; lastKnownFileType = sourcecode.swift; path = StatisticsStore.swift; sourceTree = "<group>"; };
		84C222A92CF741B2005FF976 /* FilterViewController.swift */ = {isa = PBXFileReference; lastKnownFileType = sourcecode.swift; path = FilterViewController.swift; sourceTree = "<group>"; };
		84C222AB2CF741D5005FF976 /* TrackersFilterManager.swift */ = {isa = PBXFileReference; lastKnownFileType = sourcecode.swift; path = TrackersFilterManager.swift; sourceTree = "<group>"; };
		84DE94862CF60F9000F791A9 /* zh-Hans */ = {isa = PBXFileReference; lastKnownFileType = text.plist.strings; name = "zh-Hans"; path = "zh-Hans.lproj/Localizable.strings"; sourceTree = "<group>"; };
		84DE94872CF60FB000F791A9 /* fr */ = {isa = PBXFileReference; lastKnownFileType = text.plist.strings; name = fr; path = fr.lproj/Localizable.strings; sourceTree = "<group>"; };
		84DE94882CF60FC100F791A9 /* de */ = {isa = PBXFileReference; lastKnownFileType = text.plist.strings; name = de; path = de.lproj/Localizable.strings; sourceTree = "<group>"; };
		84DE94892CF610C600F791A9 /* it */ = {isa = PBXFileReference; lastKnownFileType = text.plist.strings; name = it; path = it.lproj/Localizable.strings; sourceTree = "<group>"; };
		84DE948A2CF610D300F791A9 /* ja */ = {isa = PBXFileReference; lastKnownFileType = text.plist.strings; name = ja; path = ja.lproj/Localizable.strings; sourceTree = "<group>"; };
		84DE948B2CF610E100F791A9 /* es */ = {isa = PBXFileReference; lastKnownFileType = text.plist.strings; name = es; path = es.lproj/Localizable.strings; sourceTree = "<group>"; };
		B9864D629BB1071271F0AD71 /* Pods_Tracker.framework */ = {isa = PBXFileReference; explicitFileType = wrapper.framework; includeInIndex = 0; path = Pods_Tracker.framework; sourceTree = BUILT_PRODUCTS_DIR; };
		D1E6C92485DEB20B8E2D4407 /* Pods_TrackerTests.framework */ = {isa = PBXFileReference; explicitFileType = wrapper.framework; includeInIndex = 0; path = Pods_TrackerTests.framework; sourceTree = BUILT_PRODUCTS_DIR; };
		FADD48D4EEF2EE426753AC31 /* Pods-TrackerTests.debug.xcconfig */ = {isa = PBXFileReference; includeInIndex = 1; lastKnownFileType = text.xcconfig; name = "Pods-TrackerTests.debug.xcconfig"; path = "Target Support Files/Pods-TrackerTests/Pods-TrackerTests.debug.xcconfig"; sourceTree = "<group>"; };
/* End PBXFileReference section */

/* Begin PBXFrameworksBuildPhase section */
		849187DE2CC0991D00523431 /* Frameworks */ = {
			isa = PBXFrameworksBuildPhase;
			buildActionMask = 2147483647;
			files = (
				84C222932CF680A7005FF976 /* Pods_Tracker.framework in Frameworks */,
			);
			runOnlyForDeploymentPostprocessing = 0;
		};
		84AFF9D22CF6005A00E8867E /* Frameworks */ = {
			isa = PBXFrameworksBuildPhase;
			buildActionMask = 2147483647;
			files = (
				84C222922CF6800B005FF976 /* SnapshotTesting in Frameworks */,
				84AFF9E02CF6009200E8867E /* InlineSnapshotTesting in Frameworks */,
				C14ED4BB2B52376E0CB556B8 /* Pods_TrackerTests.framework in Frameworks */,
			);
			runOnlyForDeploymentPostprocessing = 0;
		};
/* End PBXFrameworksBuildPhase section */

/* Begin PBXGroup section */
		43138D92C72198C938634C93 /* Pods */ = {
			isa = PBXGroup;
			children = (
				603071B6FCB5A7A5BC21E61F /* Pods-Tracker.debug.xcconfig */,
				56EED4C62BF880A35C340A16 /* Pods-Tracker.release.xcconfig */,
				FADD48D4EEF2EE426753AC31 /* Pods-TrackerTests.debug.xcconfig */,
				002D27E911E1F03E7AD9FFE2 /* Pods-TrackerTests.release.xcconfig */,
			);
			path = Pods;
			sourceTree = "<group>";
		};
		843900FA2CEB1ACE00F7CB54 /* Helpers */ = {
			isa = PBXGroup;
			children = (
				84C222992CF686D5005FF976 /* TrackerDataProvider.swift */,
				843900FB2CEB1AEB00F7CB54 /* ColorDataProvider.swift */,
				843900FD2CEB1B0900F7CB54 /* TableViewCellsHelper..swift */,
				843900FF2CEB1B1C00F7CB54 /* ContextMenHelper.swift */,
				843901012CEB1B2900F7CB54 /* EmojiDataProvider.swift */,
				843901032CEB1B3600F7CB54 /* HandleActionsHelper.swift */,
				843901052CEB1B4900F7CB54 /* TableViewHelper.swift */,
			);
			path = Helpers;
			sourceTree = "<group>";
		};
		843901092CEB1BC100F7CB54 /* Resources */ = {
			isa = PBXGroup;
			children = (
				84AA2FE62CECD2FD00B652DF /* Localizable.strings */,
			);
			path = Resources;
			sourceTree = "<group>";
		};
		843901212CEB209800F7CB54 /* OnboardingVC */ = {
			isa = PBXGroup;
			children = (
				843901282CEB20DA00F7CB54 /* OnboardingViewController.swift */,
				843901262CEB20CF00F7CB54 /* OnboardingStatus.swift */,
				843901242CEB20C300F7CB54 /* OnboardingPageViewController.s.swift */,
				843901222CEB20B000F7CB54 /* OnboardingHelper.swift */,
			);
			path = OnboardingVC;
			sourceTree = "<group>";
		};
		849187D82CC0991D00523431 = {
			isa = PBXGroup;
			children = (
				849187E32CC0991D00523431 /* Tracker */,
				849187E22CC0991D00523431 /* Products */,
				43138D92C72198C938634C93 /* Pods */,
				A39FA0E83CC4AA61F929A3A2 /* Frameworks */,
			);
			sourceTree = "<group>";
		};
		849187E22CC0991D00523431 /* Products */ = {
			isa = PBXGroup;
			children = (
				849187E12CC0991D00523431 /* Tracker.app */,
				84AFF9D52CF6005A00E8867E /* TrackerTests.xctest */,
			);
			name = Products;
			sourceTree = "<group>";
		};
		849187E32CC0991D00523431 /* Tracker */ = {
			isa = PBXGroup;
			children = (
				84C222A82CF74197005FF976 /* Filter */,
				84AFF9BC2CF5EF7F00E8867E /* KeychainService */,
				84AA2FEA2CF5E9FC00B652DF /* Analytics */,
				843901212CEB209800F7CB54 /* OnboardingVC */,
				843901092CEB1BC100F7CB54 /* Resources */,
				843900FA2CEB1ACE00F7CB54 /* Helpers */,
				849188562CC09A8000523431 /* TypeTrackersVC */,
				849188482CC09A7B00523431 /* TrackersVC */,
				849188342CC09A7700523431 /* Trackers Models */,
				849188252CC09A7200523431 /* ScheduleVC */,
				8491881D2CC09A4700523431 /* MainViewController */,
				849188142CC09A3C00523431 /* CreatingTrackersVC */,
				849188092CC09A3300523431 /* CategoryVC */,
				849188012CC09A2100523431 /* Global Extensions */,
				849187E42CC0991D00523431 /* AppDelegate.swift */,
				849187E62CC0991D00523431 /* SceneDelegate.swift */,
				849187ED2CC0992000523431 /* Assets.xcassets */,
				84AA2FE42CECD29100B652DF /* LaunchScreen.storyboard */,
				849187F22CC0992000523431 /* Info.plist */,
				84AFF9C52CF5F35C00E8867E /* README.md */,
				84C222962CF68115005FF976 /* TrackerTests.swift */,
			);
			path = Tracker;
			sourceTree = "<group>";
		};
		849188012CC09A2100523431 /* Global Extensions */ = {
			isa = PBXGroup;
			children = (
				849187F82CC099FC00523431 /* Loger.swift */,
				8491881F2CC09A5800523431 /* Plholder.swift */,
				84AFF9C12CF5F12900E8867E /* GradientBorderView.swift */,
				84AFF9BF2CF5F0CA00E8867E /* GlobalConstants.swift */,
				849187FC2CC09A2100523431 /* GlobalFunc.swift */,
				84AFF9C32CF5F1E800E8867E /* UIImage + Extensions.swift */,
				849187FD2CC09A2100523431 /* Notification + Extension.swift */,
				849187FE2CC09A2100523431 /* UIButton + Extensions.swift */,
				849187FF2CC09A2100523431 /* UIColor + Extensions.swift */,
				849188002CC09A2100523431 /* UIView + Extension.swift */,
				849187FA2CC09A1500523431 /* GeometricParams.swift */,
			);
			path = "Global Extensions";
			sourceTree = "<group>";
		};
		849188092CC09A3300523431 /* CategoryVC */ = {
			isa = PBXGroup;
			children = (
				849188072CC09A3300523431 /* Cell.swift */,
				849188082CC09A3300523431 /* ViewController.swift */,
				843900F82CEB175000F7CB54 /* CategoryViewModel.swift */,
			);
			path = CategoryVC;
			sourceTree = "<group>";
		};
		849188112CC09A3C00523431 /* Cells */ = {
			isa = PBXGroup;
			children = (
				8491880C2CC09A3C00523431 /* CategoryBaseCell.swift */,
				8491880D2CC09A3C00523431 /* ColorsCollectionViewCell.swift */,
				8491880E2CC09A3C00523431 /* ColorsTableViewCell.swift */,
				8491880F2CC09A3C00523431 /* CreateButtonsViewCell.swift */,
				849188102CC09A3C00523431 /* TextViewCell.swift */,
			);
			path = Cells;
			sourceTree = "<group>";
		};
		849188142CC09A3C00523431 /* CreatingTrackersVC */ = {
			isa = PBXGroup;
			children = (
				849188112CC09A3C00523431 /* Cells */,
				849188122CC09A3C00523431 /* CreatingTrackerViewController.swift */,
				849188132CC09A3C00523431 /* TrackerSection.swift */,
			);
			path = CreatingTrackersVC;
			sourceTree = "<group>";
		};
		8491881D2CC09A4700523431 /* MainViewController */ = {
			isa = PBXGroup;
			children = (
				84C222A32CF68F86005FF976 /* Helper */,
				8491881C2CC09A4700523431 /* MainViewController.swift */,
				849188242CC09A7200523431 /* ScheduleViewController.swift */,
				84C2229F2CF68F00005FF976 /* BaseViewController.swift */,
			);
			path = MainViewController;
			sourceTree = "<group>";
		};
		849188222CC09A7200523431 /* StatisticVC */ = {
			isa = PBXGroup;
			children = (
				849188212CC09A7200523431 /* StatisticViewController.swift */,
				843900F22CEB156500F7CB54 /* SViewModel.swift */,
				843900F42CEB158700F7CB54 /* StatisticsData.swift */,
				843900F62CEB15A100F7CB54 /* StatisticCell.swift */,
			);
			path = StatisticVC;
			sourceTree = "<group>";
		};
		849188252CC09A7200523431 /* ScheduleVC */ = {
			isa = PBXGroup;
			children = (
				849188222CC09A7200523431 /* StatisticVC */,
				849188232CC09A7200523431 /* ScheduleCell.swift */,
				84C222A12CF68F1B005FF976 /* ViewControllerType.swift */,
			);
			path = ScheduleVC;
			sourceTree = "<group>";
		};
		8491882B2CC09A7700523431 /* CoreData */ = {
			isa = PBXGroup;
			children = (
				849188292CC09A7700523431 /* CoreDataStack.swift */,
				841CA2FF2CC7C12600FCEDF8 /* TrackerCoreData.xcdatamodeld */,
			);
			path = CoreData;
			sourceTree = "<group>";
		};
		8491882F2CC09A7700523431 /* Store */ = {
			isa = PBXGroup;
			children = (
				84C222A62CF73D1B005FF976 /* StatisticsStore.swift */,
				84C2229B2CF68B8F005FF976 /* TrackerRecordStore.swift */,
				8491882D2CC09A7700523431 /* TrackerCategoryStore.swift */,
				8491882E2CC09A7700523431 /* TrackerStore.swift */,
			);
			path = Store;
			sourceTree = "<group>";
		};
		849188342CC09A7700523431 /* Trackers Models */ = {
			isa = PBXGroup;
			children = (
				8491882B2CC09A7700523431 /* CoreData */,
				8491882F2CC09A7700523431 /* Store */,
				849188302CC09A7700523431 /* DayOfTheWeek.swift */,
				849188312CC09A7700523431 /* TCategory.swift */,
				849188322CC09A7700523431 /* Tracker.swift */,
				849188332CC09A7700523431 /* TRecord.swift */,
			);
			path = "Trackers Models";
			sourceTree = "<group>";
		};
		849188412CC09A7B00523431 /* TrackersVC Cells */ = {
			isa = PBXGroup;
			children = (
				8491883F2CC09A7B00523431 /* HeaderView..swift */,
				849188402CC09A7B00523431 /* TrackersCardCell.swift */,
			);
			path = "TrackersVC Cells";
			sourceTree = "<group>";
		};
		849188452CC09A7B00523431 /* TrackersVC Extensions */ = {
			isa = PBXGroup;
			children = (
				849188422CC09A7B00523431 /* ViewController + Extension DataSource.swift */,
				849188432CC09A7B00523431 /* ViewController + Extension Delegate.swift */,
				849188442CC09A7B00523431 /* ViewController + Extension DelegateFlowLayout.swift */,
			);
			path = "TrackersVC Extensions";
			sourceTree = "<group>";
		};
		849188482CC09A7B00523431 /* TrackersVC */ = {
			isa = PBXGroup;
			children = (
				84C2229D2CF68E0B005FF976 /* ContextMHelper.swift */,
				849188412CC09A7B00523431 /* TrackersVC Cells */,
				849188452CC09A7B00523431 /* TrackersVC Extensions */,
				849188462CC09A7B00523431 /* TrackersPresenter.swift */,
				849188472CC09A7B00523431 /* TrackersViewController.swift */,
			);
			path = TrackersVC;
			sourceTree = "<group>";
		};
		849188562CC09A8000523431 /* TypeTrackersVC */ = {
			isa = PBXGroup;
			children = (
				849188502CC09A8000523431 /* BaseTrackerViewController.swift */,
				849188512CC09A8000523431 /* ConfiguratorFactory.swift */,
				849188522CC09A8000523431 /* LayoutConfigurator.swift */,
				849188532CC09A8000523431 /* TrackerViewControllerType.swift */,
				849188542CC09A8000523431 /* TypeTrackersLayoutConfigurator.swift */,
				849188552CC09A8000523431 /* TypeTrackersViewController.swift */,
			);
			path = TypeTrackersVC;
			sourceTree = "<group>";
		};
		84AA2FEA2CF5E9FC00B652DF /* Analytics */ = {
			isa = PBXGroup;
			children = (
				84AA2FED2CF5EA1700B652DF /* Analytics.swift */,
			);
			path = Analytics;
			sourceTree = "<group>";
		};
		84AFF9BC2CF5EF7F00E8867E /* KeychainService */ = {
			isa = PBXGroup;
			children = (
				84AFF9BD2CF5EF9B00E8867E /* KeychainService.swift */,
			);
			path = KeychainService;
			sourceTree = "<group>";
		};
		84C222A32CF68F86005FF976 /* Helper */ = {
			isa = PBXGroup;
			children = (
				84C222A42CF68FA2005FF976 /* ContextMenuHelper.swift */,
			);
			path = Helper;
			sourceTree = "<group>";
		};
		84C222A82CF74197005FF976 /* Filter */ = {
			isa = PBXGroup;
			children = (
				84C222AB2CF741D5005FF976 /* TrackersFilterManager.swift */,
				84C222A92CF741B2005FF976 /* FilterViewController.swift */,
			);
			path = Filter;
			sourceTree = "<group>";
		};
		A39FA0E83CC4AA61F929A3A2 /* Frameworks */ = {
			isa = PBXGroup;
			children = (
				B9864D629BB1071271F0AD71 /* Pods_Tracker.framework */,
				D1E6C92485DEB20B8E2D4407 /* Pods_TrackerTests.framework */,
			);
			name = Frameworks;
			sourceTree = "<group>";
		};
/* End PBXGroup section */

/* Begin PBXNativeTarget section */
		849187E02CC0991D00523431 /* Tracker */ = {
			isa = PBXNativeTarget;
			buildConfigurationList = 849187F52CC0992000523431 /* Build configuration list for PBXNativeTarget "Tracker" */;
			buildPhases = (
				46F5E2D9A85F567051303AE4 /* [CP] Check Pods Manifest.lock */,
				849187DD2CC0991D00523431 /* Sources */,
				849187DE2CC0991D00523431 /* Frameworks */,
				849187DF2CC0991D00523431 /* Resources */,
				441210FAB6286BBC2FA3B73C /* [CP] Embed Pods Frameworks */,
				84C222952CF680A7005FF976 /* Embed Frameworks */,
			);
			buildRules = (
			);
			dependencies = (
			);
			name = Tracker;
			productName = Tracker;
			productReference = 849187E12CC0991D00523431 /* Tracker.app */;
			productType = "com.apple.product-type.application";
		};
		84AFF9D42CF6005A00E8867E /* TrackerTests */ = {
			isa = PBXNativeTarget;
			buildConfigurationList = 84AFF9DD2CF6005A00E8867E /* Build configuration list for PBXNativeTarget "TrackerTests" */;
			buildPhases = (
				C64103AD0929538BB6A30AB4 /* [CP] Check Pods Manifest.lock */,
				84AFF9D12CF6005A00E8867E /* Sources */,
				84AFF9D22CF6005A00E8867E /* Frameworks */,
				84AFF9D32CF6005A00E8867E /* Resources */,
			);
			buildRules = (
			);
			dependencies = (
				84AFF9DA2CF6005A00E8867E /* PBXTargetDependency */,
			);
			name = TrackerTests;
			packageProductDependencies = (
				84AFF9DF2CF6009200E8867E /* InlineSnapshotTesting */,
				84C222912CF6800B005FF976 /* SnapshotTesting */,
			);
			productName = TrackerTests;
			productReference = 84AFF9D52CF6005A00E8867E /* TrackerTests.xctest */;
			productType = "com.apple.product-type.bundle.unit-test";
		};
/* End PBXNativeTarget section */

/* Begin PBXProject section */
		849187D92CC0991D00523431 /* Project object */ = {
			isa = PBXProject;
			attributes = {
				BuildIndependentTargetsInParallel = 1;
				LastSwiftUpdateCheck = 1540;
				LastUpgradeCheck = 1540;
				TargetAttributes = {
					849187E02CC0991D00523431 = {
						CreatedOnToolsVersion = 15.4;
						LastSwiftMigration = 1610;
					};
					84AFF9D42CF6005A00E8867E = {
						CreatedOnToolsVersion = 16.1;
						LastSwiftMigration = 1610;
						TestTargetID = 849187E02CC0991D00523431;
					};
				};
			};
			buildConfigurationList = 849187DC2CC0991D00523431 /* Build configuration list for PBXProject "Tracker" */;
			compatibilityVersion = "Xcode 14.0";
			developmentRegion = en;
			hasScannedForEncodings = 0;
			knownRegions = (
				en,
				ru,
				"zh-Hans",
				fr,
				de,
				it,
				ja,
				es,
				Base,
			);
			mainGroup = 849187D82CC0991D00523431;
			packageReferences = (
				84AFF9B62CF5EF0900E8867E /* XCRemoteSwiftPackageReference "swift-syntax" */,
				84AFF9B72CF5EF2000E8867E /* XCRemoteSwiftPackageReference "swift-snapshot-testing" */,
			);
			productRefGroup = 849187E22CC0991D00523431 /* Products */;
			projectDirPath = "";
			projectRoot = "";
			targets = (
				849187E02CC0991D00523431 /* Tracker */,
				84AFF9D42CF6005A00E8867E /* TrackerTests */,
			);
		};
/* End PBXProject section */

/* Begin PBXResourcesBuildPhase section */
		849187DF2CC0991D00523431 /* Resources */ = {
			isa = PBXResourcesBuildPhase;
			buildActionMask = 2147483647;
			files = (
				849187EE2CC0992000523431 /* Assets.xcassets in Resources */,
				84AA2FE82CECD2FD00B652DF /* Localizable.strings in Resources */,
				84AFF9C62CF5F35C00E8867E /* README.md in Resources */,
				84AA2FE52CECD29100B652DF /* LaunchScreen.storyboard in Resources */,
			);
			runOnlyForDeploymentPostprocessing = 0;
		};
		84AFF9D32CF6005A00E8867E /* Resources */ = {
			isa = PBXResourcesBuildPhase;
			buildActionMask = 2147483647;
			files = (
			);
			runOnlyForDeploymentPostprocessing = 0;
		};
/* End PBXResourcesBuildPhase section */

/* Begin PBXShellScriptBuildPhase section */
		441210FAB6286BBC2FA3B73C /* [CP] Embed Pods Frameworks */ = {
			isa = PBXShellScriptBuildPhase;
			buildActionMask = 2147483647;
			files = (
			);
			inputFileListPaths = (
				"${PODS_ROOT}/Target Support Files/Pods-Tracker/Pods-Tracker-frameworks-${CONFIGURATION}-input-files.xcfilelist",
			);
			name = "[CP] Embed Pods Frameworks";
			outputFileListPaths = (
				"${PODS_ROOT}/Target Support Files/Pods-Tracker/Pods-Tracker-frameworks-${CONFIGURATION}-output-files.xcfilelist",
			);
			runOnlyForDeploymentPostprocessing = 0;
			shellPath = /bin/sh;
			shellScript = "\"${PODS_ROOT}/Target Support Files/Pods-Tracker/Pods-Tracker-frameworks.sh\"\n";
			showEnvVarsInLog = 0;
		};
		46F5E2D9A85F567051303AE4 /* [CP] Check Pods Manifest.lock */ = {
			isa = PBXShellScriptBuildPhase;
			buildActionMask = 2147483647;
			files = (
			);
			inputFileListPaths = (
			);
			inputPaths = (
				"${PODS_PODFILE_DIR_PATH}/Podfile.lock",
				"${PODS_ROOT}/Manifest.lock",
			);
			name = "[CP] Check Pods Manifest.lock";
			outputFileListPaths = (
			);
			outputPaths = (
				"$(DERIVED_FILE_DIR)/Pods-Tracker-checkManifestLockResult.txt",
			);
			runOnlyForDeploymentPostprocessing = 0;
			shellPath = /bin/sh;
			shellScript = "diff \"${PODS_PODFILE_DIR_PATH}/Podfile.lock\" \"${PODS_ROOT}/Manifest.lock\" > /dev/null\nif [ $? != 0 ] ; then\n    # print error to STDERR\n    echo \"error: The sandbox is not in sync with the Podfile.lock. Run 'pod install' or update your CocoaPods installation.\" >&2\n    exit 1\nfi\n# This output is used by Xcode 'outputs' to avoid re-running this script phase.\necho \"SUCCESS\" > \"${SCRIPT_OUTPUT_FILE_0}\"\n";
			showEnvVarsInLog = 0;
		};
		C64103AD0929538BB6A30AB4 /* [CP] Check Pods Manifest.lock */ = {
			isa = PBXShellScriptBuildPhase;
			buildActionMask = 2147483647;
			files = (
			);
			inputFileListPaths = (
			);
			inputPaths = (
				"${PODS_PODFILE_DIR_PATH}/Podfile.lock",
				"${PODS_ROOT}/Manifest.lock",
			);
			name = "[CP] Check Pods Manifest.lock";
			outputFileListPaths = (
			);
			outputPaths = (
				"$(DERIVED_FILE_DIR)/Pods-TrackerTests-checkManifestLockResult.txt",
			);
			runOnlyForDeploymentPostprocessing = 0;
			shellPath = /bin/sh;
			shellScript = "diff \"${PODS_PODFILE_DIR_PATH}/Podfile.lock\" \"${PODS_ROOT}/Manifest.lock\" > /dev/null\nif [ $? != 0 ] ; then\n    # print error to STDERR\n    echo \"error: The sandbox is not in sync with the Podfile.lock. Run 'pod install' or update your CocoaPods installation.\" >&2\n    exit 1\nfi\n# This output is used by Xcode 'outputs' to avoid re-running this script phase.\necho \"SUCCESS\" > \"${SCRIPT_OUTPUT_FILE_0}\"\n";
			showEnvVarsInLog = 0;
		};
/* End PBXShellScriptBuildPhase section */

/* Begin PBXSourcesBuildPhase section */
		849187DD2CC0991D00523431 /* Sources */ = {
			isa = PBXSourcesBuildPhase;
			buildActionMask = 2147483647;
			files = (
				843900FC2CEB1AEB00F7CB54 /* ColorDataProvider.swift in Sources */,
				8491884E2CC09A7B00523431 /* TrackersPresenter.swift in Sources */,
				8491884F2CC09A7B00523431 /* TrackersViewController.swift in Sources */,
				849188032CC09A2100523431 /* Notification + Extension.swift in Sources */,
				849188152CC09A3C00523431 /* CategoryBaseCell.swift in Sources */,
				849187E52CC0991D00523431 /* AppDelegate.swift in Sources */,
				84C222A22CF68F1D005FF976 /* ViewControllerType.swift in Sources */,
				8491885A2CC09A8000523431 /* TrackerViewControllerType.swift in Sources */,
				84C222A72CF73D1D005FF976 /* StatisticsStore.swift in Sources */,
				8491883D2CC09A7700523431 /* Tracker.swift in Sources */,
				849188182CC09A3C00523431 /* CreateButtonsViewCell.swift in Sources */,
				8491885B2CC09A8000523431 /* TypeTrackersLayoutConfigurator.swift in Sources */,
				849188492CC09A7B00523431 /* HeaderView..swift in Sources */,
				849188042CC09A2100523431 /* UIButton + Extensions.swift in Sources */,
				84AFF9C02CF5F0CB00E8867E /* GlobalConstants.swift in Sources */,
				849188582CC09A8000523431 /* ConfiguratorFactory.swift in Sources */,
				8491883C2CC09A7700523431 /* TCategory.swift in Sources */,
				84C222A52CF68FA3005FF976 /* ContextMenuHelper.swift in Sources */,
				84AFF9BE2CF5EF9B00E8867E /* KeychainService.swift in Sources */,
				849187FB2CC09A1500523431 /* GeometricParams.swift in Sources */,
				84AFF9C42CF5F1E900E8867E /* UIImage + Extensions.swift in Sources */,
				843901292CEB20DB00F7CB54 /* OnboardingViewController.swift in Sources */,
				843900F92CEB175000F7CB54 /* CategoryViewModel.swift in Sources */,
				843901252CEB20C500F7CB54 /* OnboardingPageViewController.s.swift in Sources */,
				8491884A2CC09A7B00523431 /* TrackersCardCell.swift in Sources */,
				849188162CC09A3C00523431 /* ColorsCollectionViewCell.swift in Sources */,
				849188282CC09A7200523431 /* ScheduleViewController.swift in Sources */,
				849187E72CC0991D00523431 /* SceneDelegate.swift in Sources */,
				843901232CEB20B100F7CB54 /* OnboardingHelper.swift in Sources */,
				84C222A02CF68F01005FF976 /* BaseViewController.swift in Sources */,
				84C2229C2CF68B91005FF976 /* TrackerRecordStore.swift in Sources */,
				849188572CC09A8000523431 /* BaseTrackerViewController.swift in Sources */,
				8491880B2CC09A3300523431 /* ViewController.swift in Sources */,
				8491881A2CC09A3C00523431 /* CreatingTrackerViewController.swift in Sources */,
				843901022CEB1B2900F7CB54 /* EmojiDataProvider.swift in Sources */,
				843901272CEB20D000F7CB54 /* OnboardingStatus.swift in Sources */,
				849188052CC09A2100523431 /* UIColor + Extensions.swift in Sources */,
				843900F72CEB15A100F7CB54 /* StatisticCell.swift in Sources */,
				8491885C2CC09A8000523431 /* TypeTrackersViewController.swift in Sources */,
				849188022CC09A2100523431 /* GlobalFunc.swift in Sources */,
				843900F52CEB158700F7CB54 /* StatisticsData.swift in Sources */,
				843901042CEB1B3600F7CB54 /* HandleActionsHelper.swift in Sources */,
				8491883A2CC09A7700523431 /* TrackerStore.swift in Sources */,
				849188392CC09A7700523431 /* TrackerCategoryStore.swift in Sources */,
				843900F32CEB156500F7CB54 /* SViewModel.swift in Sources */,
				843901062CEB1B4900F7CB54 /* TableViewHelper.swift in Sources */,
				84AA2FEE2CF5EA1700B652DF /* Analytics.swift in Sources */,
				8491880A2CC09A3300523431 /* Cell.swift in Sources */,
				849188062CC09A2100523431 /* UIView + Extension.swift in Sources */,
				849188362CC09A7700523431 /* CoreDataStack.swift in Sources */,
				849187F92CC099FC00523431 /* Loger.swift in Sources */,
				849188592CC09A8000523431 /* LayoutConfigurator.swift in Sources */,
				849188262CC09A7200523431 /* StatisticViewController.swift in Sources */,
				8491881B2CC09A3C00523431 /* TrackerSection.swift in Sources */,
				84C2229A2CF686D7005FF976 /* TrackerDataProvider.swift in Sources */,
				849188192CC09A3C00523431 /* TextViewCell.swift in Sources */,
				849188172CC09A3C00523431 /* ColorsTableViewCell.swift in Sources */,
				84AFF9C22CF5F12A00E8867E /* GradientBorderView.swift in Sources */,
				84C2229E2CF68E0C005FF976 /* ContextMHelper.swift in Sources */,
				8491883E2CC09A7700523431 /* TRecord.swift in Sources */,
				8491884C2CC09A7B00523431 /* ViewController + Extension Delegate.swift in Sources */,
				8491881E2CC09A4700523431 /* MainViewController.swift in Sources */,
				843901002CEB1B1C00F7CB54 /* ContextMenHelper.swift in Sources */,
				8491884B2CC09A7B00523431 /* ViewController + Extension DataSource.swift in Sources */,
				84C222AC2CF741D6005FF976 /* TrackersFilterManager.swift in Sources */,
				841CA3012CC7C12600FCEDF8 /* TrackerCoreData.xcdatamodeld in Sources */,
				84C222AA2CF741B3005FF976 /* FilterViewController.swift in Sources */,
				8491884D2CC09A7B00523431 /* ViewController + Extension DelegateFlowLayout.swift in Sources */,
				8491883B2CC09A7700523431 /* DayOfTheWeek.swift in Sources */,
				849188272CC09A7200523431 /* ScheduleCell.swift in Sources */,
				849188202CC09A5800523431 /* Plholder.swift in Sources */,
				843900FE2CEB1B0900F7CB54 /* TableViewCellsHelper..swift in Sources */,
			);
			runOnlyForDeploymentPostprocessing = 0;
		};
		84AFF9D12CF6005A00E8867E /* Sources */ = {
			isa = PBXSourcesBuildPhase;
			buildActionMask = 2147483647;
			files = (
				84C222982CF68115005FF976 /* TrackerTests.swift in Sources */,
			);
			runOnlyForDeploymentPostprocessing = 0;
		};
/* End PBXSourcesBuildPhase section */

/* Begin PBXTargetDependency section */
		84AFF9DA2CF6005A00E8867E /* PBXTargetDependency */ = {
			isa = PBXTargetDependency;
			target = 849187E02CC0991D00523431 /* Tracker */;
			targetProxy = 84AFF9D92CF6005A00E8867E /* PBXContainerItemProxy */;
		};
/* End PBXTargetDependency section */

/* Begin PBXVariantGroup section */
		84AA2FE62CECD2FD00B652DF /* Localizable.strings */ = {
			isa = PBXVariantGroup;
			children = (
				84AA2FE72CECD2FD00B652DF /* en */,
				84AA2FE92CECD31B00B652DF /* ru */,
				84DE94862CF60F9000F791A9 /* zh-Hans */,
				84DE94872CF60FB000F791A9 /* fr */,
				84DE94882CF60FC100F791A9 /* de */,
				84DE94892CF610C600F791A9 /* it */,
				84DE948A2CF610D300F791A9 /* ja */,
				84DE948B2CF610E100F791A9 /* es */,
			);
			name = Localizable.strings;
			sourceTree = "<group>";
		};
/* End PBXVariantGroup section */

/* Begin XCBuildConfiguration section */
		849187F32CC0992000523431 /* Debug */ = {
			isa = XCBuildConfiguration;
			buildSettings = {
				ALWAYS_SEARCH_USER_PATHS = NO;
				ASSETCATALOG_COMPILER_GENERATE_SWIFT_ASSET_SYMBOL_EXTENSIONS = YES;
				CLANG_ANALYZER_LOCALIZABILITY_NONLOCALIZED = YES;
				CLANG_ANALYZER_NONNULL = YES;
				CLANG_ANALYZER_NUMBER_OBJECT_CONVERSION = YES_AGGRESSIVE;
				CLANG_CXX_LANGUAGE_STANDARD = "gnu++20";
				CLANG_ENABLE_MODULES = YES;
				CLANG_ENABLE_OBJC_ARC = YES;
				CLANG_ENABLE_OBJC_WEAK = YES;
				CLANG_WARN_BLOCK_CAPTURE_AUTORELEASING = YES;
				CLANG_WARN_BOOL_CONVERSION = YES;
				CLANG_WARN_COMMA = YES;
				CLANG_WARN_CONSTANT_CONVERSION = YES;
				CLANG_WARN_DEPRECATED_OBJC_IMPLEMENTATIONS = YES;
				CLANG_WARN_DIRECT_OBJC_ISA_USAGE = YES_ERROR;
				CLANG_WARN_DOCUMENTATION_COMMENTS = YES;
				CLANG_WARN_EMPTY_BODY = YES;
				CLANG_WARN_ENUM_CONVERSION = YES;
				CLANG_WARN_INFINITE_RECURSION = YES;
				CLANG_WARN_INT_CONVERSION = YES;
				CLANG_WARN_NON_LITERAL_NULL_CONVERSION = YES;
				CLANG_WARN_OBJC_IMPLICIT_RETAIN_SELF = YES;
				CLANG_WARN_OBJC_LITERAL_CONVERSION = YES;
				CLANG_WARN_OBJC_ROOT_CLASS = YES_ERROR;
				CLANG_WARN_QUOTED_INCLUDE_IN_FRAMEWORK_HEADER = YES;
				CLANG_WARN_RANGE_LOOP_ANALYSIS = YES;
				CLANG_WARN_STRICT_PROTOTYPES = YES;
				CLANG_WARN_SUSPICIOUS_MOVE = YES;
				CLANG_WARN_UNGUARDED_AVAILABILITY = YES_AGGRESSIVE;
				CLANG_WARN_UNREACHABLE_CODE = YES;
				CLANG_WARN__DUPLICATE_METHOD_MATCH = YES;
				COPY_PHASE_STRIP = NO;
				DEBUG_INFORMATION_FORMAT = dwarf;
				ENABLE_STRICT_OBJC_MSGSEND = YES;
				ENABLE_TESTABILITY = YES;
				ENABLE_USER_SCRIPT_SANDBOXING = YES;
				GCC_C_LANGUAGE_STANDARD = gnu17;
				GCC_DYNAMIC_NO_PIC = NO;
				GCC_NO_COMMON_BLOCKS = YES;
				GCC_OPTIMIZATION_LEVEL = 0;
				GCC_PREPROCESSOR_DEFINITIONS = (
					"DEBUG=1",
					"$(inherited)",
				);
				GCC_WARN_64_TO_32_BIT_CONVERSION = YES;
				GCC_WARN_ABOUT_RETURN_TYPE = YES_ERROR;
				GCC_WARN_UNDECLARED_SELECTOR = YES;
				GCC_WARN_UNINITIALIZED_AUTOS = YES_AGGRESSIVE;
				GCC_WARN_UNUSED_FUNCTION = YES;
				GCC_WARN_UNUSED_VARIABLE = YES;
				IPHONEOS_DEPLOYMENT_TARGET = 17.5;
				LOCALIZATION_PREFERS_STRING_CATALOGS = YES;
				MTL_ENABLE_DEBUG_INFO = INCLUDE_SOURCE;
				MTL_FAST_MATH = YES;
				ONLY_ACTIVE_ARCH = YES;
				SDKROOT = iphoneos;
				SWIFT_ACTIVE_COMPILATION_CONDITIONS = "DEBUG $(inherited)";
				SWIFT_EMIT_LOC_STRINGS = YES;
				SWIFT_OPTIMIZATION_LEVEL = "-Onone";
			};
			name = Debug;
		};
		849187F42CC0992000523431 /* Release */ = {
			isa = XCBuildConfiguration;
			buildSettings = {
				ALWAYS_SEARCH_USER_PATHS = NO;
				ASSETCATALOG_COMPILER_GENERATE_SWIFT_ASSET_SYMBOL_EXTENSIONS = YES;
				CLANG_ANALYZER_LOCALIZABILITY_NONLOCALIZED = YES;
				CLANG_ANALYZER_NONNULL = YES;
				CLANG_ANALYZER_NUMBER_OBJECT_CONVERSION = YES_AGGRESSIVE;
				CLANG_CXX_LANGUAGE_STANDARD = "gnu++20";
				CLANG_ENABLE_MODULES = YES;
				CLANG_ENABLE_OBJC_ARC = YES;
				CLANG_ENABLE_OBJC_WEAK = YES;
				CLANG_WARN_BLOCK_CAPTURE_AUTORELEASING = YES;
				CLANG_WARN_BOOL_CONVERSION = YES;
				CLANG_WARN_COMMA = YES;
				CLANG_WARN_CONSTANT_CONVERSION = YES;
				CLANG_WARN_DEPRECATED_OBJC_IMPLEMENTATIONS = YES;
				CLANG_WARN_DIRECT_OBJC_ISA_USAGE = YES_ERROR;
				CLANG_WARN_DOCUMENTATION_COMMENTS = YES;
				CLANG_WARN_EMPTY_BODY = YES;
				CLANG_WARN_ENUM_CONVERSION = YES;
				CLANG_WARN_INFINITE_RECURSION = YES;
				CLANG_WARN_INT_CONVERSION = YES;
				CLANG_WARN_NON_LITERAL_NULL_CONVERSION = YES;
				CLANG_WARN_OBJC_IMPLICIT_RETAIN_SELF = YES;
				CLANG_WARN_OBJC_LITERAL_CONVERSION = YES;
				CLANG_WARN_OBJC_ROOT_CLASS = YES_ERROR;
				CLANG_WARN_QUOTED_INCLUDE_IN_FRAMEWORK_HEADER = YES;
				CLANG_WARN_RANGE_LOOP_ANALYSIS = YES;
				CLANG_WARN_STRICT_PROTOTYPES = YES;
				CLANG_WARN_SUSPICIOUS_MOVE = YES;
				CLANG_WARN_UNGUARDED_AVAILABILITY = YES_AGGRESSIVE;
				CLANG_WARN_UNREACHABLE_CODE = YES;
				CLANG_WARN__DUPLICATE_METHOD_MATCH = YES;
				COPY_PHASE_STRIP = NO;
				DEBUG_INFORMATION_FORMAT = "dwarf-with-dsym";
				ENABLE_NS_ASSERTIONS = NO;
				ENABLE_STRICT_OBJC_MSGSEND = YES;
				ENABLE_USER_SCRIPT_SANDBOXING = YES;
				GCC_C_LANGUAGE_STANDARD = gnu17;
				GCC_NO_COMMON_BLOCKS = YES;
				GCC_WARN_64_TO_32_BIT_CONVERSION = YES;
				GCC_WARN_ABOUT_RETURN_TYPE = YES_ERROR;
				GCC_WARN_UNDECLARED_SELECTOR = YES;
				GCC_WARN_UNINITIALIZED_AUTOS = YES_AGGRESSIVE;
				GCC_WARN_UNUSED_FUNCTION = YES;
				GCC_WARN_UNUSED_VARIABLE = YES;
				IPHONEOS_DEPLOYMENT_TARGET = 17.5;
				LOCALIZATION_PREFERS_STRING_CATALOGS = YES;
				MTL_ENABLE_DEBUG_INFO = NO;
				MTL_FAST_MATH = YES;
				SDKROOT = iphoneos;
				SWIFT_COMPILATION_MODE = wholemodule;
				SWIFT_EMIT_LOC_STRINGS = YES;
				VALIDATE_PRODUCT = YES;
			};
			name = Release;
		};
		849187F62CC0992000523431 /* Debug */ = {
			isa = XCBuildConfiguration;
			baseConfigurationReference = 603071B6FCB5A7A5BC21E61F /* Pods-Tracker.debug.xcconfig */;
			buildSettings = {
				ASSETCATALOG_COMPILER_APPICON_NAME = AppIcon;
				ASSETCATALOG_COMPILER_GLOBAL_ACCENT_COLOR_NAME = AccentColor;
				CLANG_ENABLE_MODULES = YES;
				CODE_SIGN_STYLE = Automatic;
				CURRENT_PROJECT_VERSION = 1;
				DEVELOPMENT_TEAM = SPH9NFMSU9;
				GENERATE_INFOPLIST_FILE = YES;
				INFOPLIST_FILE = Tracker/Info.plist;
				INFOPLIST_KEY_UIApplicationSupportsIndirectInputEvents = YES;
				INFOPLIST_KEY_UILaunchStoryboardName = LaunchScreen;
				INFOPLIST_KEY_UISupportedInterfaceOrientations_iPad = "UIInterfaceOrientationPortrait UIInterfaceOrientationPortraitUpsideDown UIInterfaceOrientationLandscapeLeft UIInterfaceOrientationLandscapeRight";
				INFOPLIST_KEY_UISupportedInterfaceOrientations_iPhone = "UIInterfaceOrientationPortrait UIInterfaceOrientationLandscapeLeft UIInterfaceOrientationLandscapeRight";
				IPHONEOS_DEPLOYMENT_TARGET = 13.4;
				LD_RUNPATH_SEARCH_PATHS = (
					"$(inherited)",
					"@executable_path/Frameworks",
				);
				MARKETING_VERSION = 1.0;
				PRODUCT_BUNDLE_IDENTIFIER = "Yandex-Practicum.Tracker";
				PRODUCT_NAME = "$(TARGET_NAME)";
				SWIFT_EMIT_LOC_STRINGS = YES;
				SWIFT_OBJC_BRIDGING_HEADER = "Tracker/Tracker-Bridging-Header.h";
				SWIFT_OPTIMIZATION_LEVEL = "-Onone";
				SWIFT_VERSION = 5.0;
				TARGETED_DEVICE_FAMILY = "1,2";
			};
			name = Debug;
		};
		849187F72CC0992000523431 /* Release */ = {
			isa = XCBuildConfiguration;
			baseConfigurationReference = 56EED4C62BF880A35C340A16 /* Pods-Tracker.release.xcconfig */;
			buildSettings = {
				ASSETCATALOG_COMPILER_APPICON_NAME = AppIcon;
				ASSETCATALOG_COMPILER_GLOBAL_ACCENT_COLOR_NAME = AccentColor;
				CLANG_ENABLE_MODULES = YES;
				CODE_SIGN_STYLE = Automatic;
				CURRENT_PROJECT_VERSION = 1;
				DEVELOPMENT_TEAM = SPH9NFMSU9;
				GENERATE_INFOPLIST_FILE = YES;
				INFOPLIST_FILE = Tracker/Info.plist;
				INFOPLIST_KEY_UIApplicationSupportsIndirectInputEvents = YES;
				INFOPLIST_KEY_UILaunchStoryboardName = LaunchScreen;
				INFOPLIST_KEY_UISupportedInterfaceOrientations_iPad = "UIInterfaceOrientationPortrait UIInterfaceOrientationPortraitUpsideDown UIInterfaceOrientationLandscapeLeft UIInterfaceOrientationLandscapeRight";
				INFOPLIST_KEY_UISupportedInterfaceOrientations_iPhone = "UIInterfaceOrientationPortrait UIInterfaceOrientationLandscapeLeft UIInterfaceOrientationLandscapeRight";
				IPHONEOS_DEPLOYMENT_TARGET = 13.4;
				LD_RUNPATH_SEARCH_PATHS = (
					"$(inherited)",
					"@executable_path/Frameworks",
				);
				MARKETING_VERSION = 1.0;
				PRODUCT_BUNDLE_IDENTIFIER = "Yandex-Practicum.Tracker";
				PRODUCT_NAME = "$(TARGET_NAME)";
				SWIFT_EMIT_LOC_STRINGS = YES;
				SWIFT_OBJC_BRIDGING_HEADER = "Tracker/Tracker-Bridging-Header.h";
				SWIFT_VERSION = 5.0;
				TARGETED_DEVICE_FAMILY = "1,2";
			};
			name = Release;
		};
		84AFF9DB2CF6005A00E8867E /* Debug */ = {
			isa = XCBuildConfiguration;
			baseConfigurationReference = FADD48D4EEF2EE426753AC31 /* Pods-TrackerTests.debug.xcconfig */;
			buildSettings = {
				BUNDLE_LOADER = "$(TEST_HOST)";
				CLANG_ENABLE_MODULES = YES;
				CODE_SIGN_STYLE = Automatic;
				CURRENT_PROJECT_VERSION = 1;
				GENERATE_INFOPLIST_FILE = YES;
				IPHONEOS_DEPLOYMENT_TARGET = 13.4;
				MARKETING_VERSION = 1.0;
				PRODUCT_BUNDLE_IDENTIFIER = com.apple.dt.Xcode.TrackerTests;
				PRODUCT_NAME = "$(TARGET_NAME)";
				SWIFT_EMIT_LOC_STRINGS = NO;
				SWIFT_OBJC_BRIDGING_HEADER = "Tracker/Tracker-Bridging-Header.h";
				SWIFT_OPTIMIZATION_LEVEL = "-Onone";
				SWIFT_VERSION = 6.0;
				TARGETED_DEVICE_FAMILY = "1,2";
				TEST_HOST = "$(BUILT_PRODUCTS_DIR)/Tracker.app/$(BUNDLE_EXECUTABLE_FOLDER_PATH)/Tracker";
			};
			name = Debug;
		};
		84AFF9DC2CF6005A00E8867E /* Release */ = {
			isa = XCBuildConfiguration;
			baseConfigurationReference = 002D27E911E1F03E7AD9FFE2 /* Pods-TrackerTests.release.xcconfig */;
			buildSettings = {
				BUNDLE_LOADER = "$(TEST_HOST)";
				CLANG_ENABLE_MODULES = YES;
				CODE_SIGN_STYLE = Automatic;
				CURRENT_PROJECT_VERSION = 1;
				GENERATE_INFOPLIST_FILE = YES;
				IPHONEOS_DEPLOYMENT_TARGET = 13.4;
				MARKETING_VERSION = 1.0;
				PRODUCT_BUNDLE_IDENTIFIER = com.apple.dt.Xcode.TrackerTests;
				PRODUCT_NAME = "$(TARGET_NAME)";
				SWIFT_EMIT_LOC_STRINGS = NO;
				SWIFT_OBJC_BRIDGING_HEADER = "Tracker/Tracker-Bridging-Header.h";
				SWIFT_VERSION = 6.0;
				TARGETED_DEVICE_FAMILY = "1,2";
				TEST_HOST = "$(BUILT_PRODUCTS_DIR)/Tracker.app/$(BUNDLE_EXECUTABLE_FOLDER_PATH)/Tracker";
			};
			name = Release;
		};
/* End XCBuildConfiguration section */

/* Begin XCConfigurationList section */
		849187DC2CC0991D00523431 /* Build configuration list for PBXProject "Tracker" */ = {
			isa = XCConfigurationList;
			buildConfigurations = (
				849187F32CC0992000523431 /* Debug */,
				849187F42CC0992000523431 /* Release */,
			);
			defaultConfigurationIsVisible = 0;
			defaultConfigurationName = Release;
		};
		849187F52CC0992000523431 /* Build configuration list for PBXNativeTarget "Tracker" */ = {
			isa = XCConfigurationList;
			buildConfigurations = (
				849187F62CC0992000523431 /* Debug */,
				849187F72CC0992000523431 /* Release */,
			);
			defaultConfigurationIsVisible = 0;
			defaultConfigurationName = Release;
		};
		84AFF9DD2CF6005A00E8867E /* Build configuration list for PBXNativeTarget "TrackerTests" */ = {
			isa = XCConfigurationList;
			buildConfigurations = (
				84AFF9DB2CF6005A00E8867E /* Debug */,
				84AFF9DC2CF6005A00E8867E /* Release */,
			);
			defaultConfigurationIsVisible = 0;
			defaultConfigurationName = Release;
		};
/* End XCConfigurationList section */

/* Begin XCRemoteSwiftPackageReference section */
		84AFF9B62CF5EF0900E8867E /* XCRemoteSwiftPackageReference "swift-syntax" */ = {
			isa = XCRemoteSwiftPackageReference;
			repositoryURL = "https://github.com/swiftlang/swift-syntax.git";
			requirement = {
				kind = upToNextMajorVersion;
				minimumVersion = 600.0.1;
			};
		};
		84AFF9B72CF5EF2000E8867E /* XCRemoteSwiftPackageReference "swift-snapshot-testing" */ = {
			isa = XCRemoteSwiftPackageReference;
			repositoryURL = "https://github.com/pointfreeco/swift-snapshot-testing.git";
			requirement = {
				kind = upToNextMajorVersion;
				minimumVersion = 1.17.6;
			};
		};
/* End XCRemoteSwiftPackageReference section */

/* Begin XCSwiftPackageProductDependency section */
		84AFF9DF2CF6009200E8867E /* InlineSnapshotTesting */ = {
			isa = XCSwiftPackageProductDependency;
			package = 84AFF9B72CF5EF2000E8867E /* XCRemoteSwiftPackageReference "swift-snapshot-testing" */;
			productName = InlineSnapshotTesting;
		};
		84C222912CF6800B005FF976 /* SnapshotTesting */ = {
			isa = XCSwiftPackageProductDependency;
			package = 84AFF9B72CF5EF2000E8867E /* XCRemoteSwiftPackageReference "swift-snapshot-testing" */;
			productName = SnapshotTesting;
		};
/* End XCSwiftPackageProductDependency section */

/* Begin XCVersionGroup section */
		841CA2FF2CC7C12600FCEDF8 /* TrackerCoreData.xcdatamodeld */ = {
			isa = XCVersionGroup;
			children = (
				841CA3002CC7C12600FCEDF8 /* TrackerCoreData.xcdatamodel */,
			);
			currentVersion = 841CA3002CC7C12600FCEDF8 /* TrackerCoreData.xcdatamodel */;
			path = TrackerCoreData.xcdatamodeld;
			sourceTree = "<group>";
			versionGroupType = wrapper.xcdatamodel;
		};
/* End XCVersionGroup section */
	};
	rootObject = 849187D92CC0991D00523431 /* Project object */;
}
