// !$*UTF8*$!
{
	archiveVersion = 1;
	classes = {
	};
	objectVersion = 56;
	objects = {

/* Begin PBXBuildFile section */
		849187E52CC0991D00523431 /* AppDelegate.swift in Sources */ = {isa = PBXBuildFile; fileRef = 849187E42CC0991D00523431 /* AppDelegate.swift */; };
		849187E72CC0991D00523431 /* SceneDelegate.swift in Sources */ = {isa = PBXBuildFile; fileRef = 849187E62CC0991D00523431 /* SceneDelegate.swift */; };
		849187EE2CC0992000523431 /* Assets.xcassets in Resources */ = {isa = PBXBuildFile; fileRef = 849187ED2CC0992000523431 /* Assets.xcassets */; };
		849187F12CC0992000523431 /* Base in Resources */ = {isa = PBXBuildFile; fileRef = 849187F02CC0992000523431 /* Base */; };
		849187F92CC099FC00523431 /* Loger.swift in Sources */ = {isa = PBXBuildFile; fileRef = 849187F82CC099FC00523431 /* Loger.swift */; };
		849187FB2CC09A1500523431 /* GeometricParams.swift in Sources */ = {isa = PBXBuildFile; fileRef = 849187FA2CC09A1500523431 /* GeometricParams.swift */; };
		849188022CC09A2100523431 /* GlobalFunc.swift in Sources */ = {isa = PBXBuildFile; fileRef = 849187FC2CC09A2100523431 /* GlobalFunc.swift */; };
		849188032CC09A2100523431 /* Notification + Extension.swift in Sources */ = {isa = PBXBuildFile; fileRef = 849187FD2CC09A2100523431 /* Notification + Extension.swift */; };
		849188042CC09A2100523431 /* UIButton + Extensions.swift in Sources */ = {isa = PBXBuildFile; fileRef = 849187FE2CC09A2100523431 /* UIButton + Extensions.swift */; };
		849188052CC09A2100523431 /* UIColor + Extensions.swift in Sources */ = {isa = PBXBuildFile; fileRef = 849187FF2CC09A2100523431 /* UIColor + Extensions.swift */; };
		849188062CC09A2100523431 /* UIView + Extension.swift in Sources */ = {isa = PBXBuildFile; fileRef = 849188002CC09A2100523431 /* UIView + Extension.swift */; };
		8491880A2CC09A3300523431 /* Cell.swift in Sources */ = {isa = PBXBuildFile; fileRef = 849188072CC09A3300523431 /* Cell.swift */; };
		8491880B2CC09A3300523431 /* ViewController.swift in Sources */ = {isa = PBXBuildFile; fileRef = 849188082CC09A3300523431 /* ViewController.swift */; };
		849188152CC09A3C00523431 /* CategoryBaseCell.swift in Sources */ = {isa = PBXBuildFile; fileRef = 8491880C2CC09A3C00523431 /* CategoryBaseCell.swift */; };
		849188162CC09A3C00523431 /* ColorsCollectionViewCell.swift in Sources */ = {isa = PBXBuildFile; fileRef = 8491880D2CC09A3C00523431 /* ColorsCollectionViewCell.swift */; };
		849188172CC09A3C00523431 /* ColorsTableViewCell.swift in Sources */ = {isa = PBXBuildFile; fileRef = 8491880E2CC09A3C00523431 /* ColorsTableViewCell.swift */; };
		849188182CC09A3C00523431 /* CreateButtonsViewCell.swift in Sources */ = {isa = PBXBuildFile; fileRef = 8491880F2CC09A3C00523431 /* CreateButtonsViewCell.swift */; };
		849188192CC09A3C00523431 /* TextViewCell.swift in Sources */ = {isa = PBXBuildFile; fileRef = 849188102CC09A3C00523431 /* TextViewCell.swift */; };
		8491881A2CC09A3C00523431 /* CreatingTrackerViewController.swift in Sources */ = {isa = PBXBuildFile; fileRef = 849188122CC09A3C00523431 /* CreatingTrackerViewController.swift */; };
		8491881B2CC09A3C00523431 /* TrackerSection.swift in Sources */ = {isa = PBXBuildFile; fileRef = 849188132CC09A3C00523431 /* TrackerSection.swift */; };
		8491881E2CC09A4700523431 /* MainViewController.swift in Sources */ = {isa = PBXBuildFile; fileRef = 8491881C2CC09A4700523431 /* MainViewController.swift */; };
		849188202CC09A5800523431 /* Plholder.swift in Sources */ = {isa = PBXBuildFile; fileRef = 8491881F2CC09A5800523431 /* Plholder.swift */; };
		849188262CC09A7200523431 /* StatisticViewController.swift in Sources */ = {isa = PBXBuildFile; fileRef = 849188212CC09A7200523431 /* StatisticViewController.swift */; };
		849188272CC09A7200523431 /* ScheduleCell.swift in Sources */ = {isa = PBXBuildFile; fileRef = 849188232CC09A7200523431 /* ScheduleCell.swift */; };
		849188282CC09A7200523431 /* ScheduleViewController.swift in Sources */ = {isa = PBXBuildFile; fileRef = 849188242CC09A7200523431 /* ScheduleViewController.swift */; };
		849188362CC09A7700523431 /* CoreDataStack.swift in Sources */ = {isa = PBXBuildFile; fileRef = 849188292CC09A7700523431 /* CoreDataStack.swift */; };
		849188372CC09A7700523431 /* Tracer.xcdatamodeld in Sources */ = {isa = PBXBuildFile; fileRef = 8491882A2CC09A7700523431 /* Tracer.xcdatamodeld */; };
		849188382CC09A7700523431 /* RecordStore.swift in Sources */ = {isa = PBXBuildFile; fileRef = 8491882C2CC09A7700523431 /* RecordStore.swift */; };
		849188392CC09A7700523431 /* TrackerCategoryStore.swift in Sources */ = {isa = PBXBuildFile; fileRef = 8491882D2CC09A7700523431 /* TrackerCategoryStore.swift */; };
		8491883A2CC09A7700523431 /* TrackerStore.swift in Sources */ = {isa = PBXBuildFile; fileRef = 8491882E2CC09A7700523431 /* TrackerStore.swift */; };
		8491883B2CC09A7700523431 /* DayOfTheWeek.swift in Sources */ = {isa = PBXBuildFile; fileRef = 849188302CC09A7700523431 /* DayOfTheWeek.swift */; };
		8491883C2CC09A7700523431 /* TCategory.swift in Sources */ = {isa = PBXBuildFile; fileRef = 849188312CC09A7700523431 /* TCategory.swift */; };
		8491883D2CC09A7700523431 /* Tracker.swift in Sources */ = {isa = PBXBuildFile; fileRef = 849188322CC09A7700523431 /* Tracker.swift */; };
		8491883E2CC09A7700523431 /* TRecord.swift in Sources */ = {isa = PBXBuildFile; fileRef = 849188332CC09A7700523431 /* TRecord.swift */; };
		849188492CC09A7B00523431 /* HeaderView..swift in Sources */ = {isa = PBXBuildFile; fileRef = 8491883F2CC09A7B00523431 /* HeaderView..swift */; };
		8491884A2CC09A7B00523431 /* TrackersCardCell.swift in Sources */ = {isa = PBXBuildFile; fileRef = 849188402CC09A7B00523431 /* TrackersCardCell.swift */; };
		8491884B2CC09A7B00523431 /* ViewController + Extension DataSource.swift in Sources */ = {isa = PBXBuildFile; fileRef = 849188422CC09A7B00523431 /* ViewController + Extension DataSource.swift */; };
		8491884C2CC09A7B00523431 /* ViewController + Extension Delegate.swift in Sources */ = {isa = PBXBuildFile; fileRef = 849188432CC09A7B00523431 /* ViewController + Extension Delegate.swift */; };
		8491884D2CC09A7B00523431 /* ViewController + Extension DelegateFlowLayout.swift in Sources */ = {isa = PBXBuildFile; fileRef = 849188442CC09A7B00523431 /* ViewController + Extension DelegateFlowLayout.swift */; };
		8491884E2CC09A7B00523431 /* TrackersPresenter.swift in Sources */ = {isa = PBXBuildFile; fileRef = 849188462CC09A7B00523431 /* TrackersPresenter.swift */; };
		8491884F2CC09A7B00523431 /* TrackersViewController.swift in Sources */ = {isa = PBXBuildFile; fileRef = 849188472CC09A7B00523431 /* TrackersViewController.swift */; };
		849188572CC09A8000523431 /* BaseTrackerViewController.swift in Sources */ = {isa = PBXBuildFile; fileRef = 849188502CC09A8000523431 /* BaseTrackerViewController.swift */; };
		849188582CC09A8000523431 /* ConfiguratorFactory.swift in Sources */ = {isa = PBXBuildFile; fileRef = 849188512CC09A8000523431 /* ConfiguratorFactory.swift */; };
		849188592CC09A8000523431 /* LayoutConfigurator.swift in Sources */ = {isa = PBXBuildFile; fileRef = 849188522CC09A8000523431 /* LayoutConfigurator.swift */; };
		8491885A2CC09A8000523431 /* TrackerViewControllerType.swift in Sources */ = {isa = PBXBuildFile; fileRef = 849188532CC09A8000523431 /* TrackerViewControllerType.swift */; };
		8491885B2CC09A8000523431 /* TypeTrackersLayoutConfigurator.swift in Sources */ = {isa = PBXBuildFile; fileRef = 849188542CC09A8000523431 /* TypeTrackersLayoutConfigurator.swift */; };
		8491885C2CC09A8000523431 /* TypeTrackersViewController.swift in Sources */ = {isa = PBXBuildFile; fileRef = 849188552CC09A8000523431 /* TypeTrackersViewController.swift */; };
/* End PBXBuildFile section */

/* Begin PBXFileReference section */
		849187E12CC0991D00523431 /* Tracker.app */ = {isa = PBXFileReference; explicitFileType = wrapper.application; includeInIndex = 0; path = Tracker.app; sourceTree = BUILT_PRODUCTS_DIR; };
		849187E42CC0991D00523431 /* AppDelegate.swift */ = {isa = PBXFileReference; lastKnownFileType = sourcecode.swift; path = AppDelegate.swift; sourceTree = "<group>"; };
		849187E62CC0991D00523431 /* SceneDelegate.swift */ = {isa = PBXFileReference; lastKnownFileType = sourcecode.swift; path = SceneDelegate.swift; sourceTree = "<group>"; };
		849187ED2CC0992000523431 /* Assets.xcassets */ = {isa = PBXFileReference; lastKnownFileType = folder.assetcatalog; path = Assets.xcassets; sourceTree = "<group>"; };
		849187F02CC0992000523431 /* Base */ = {isa = PBXFileReference; lastKnownFileType = file.storyboard; name = Base; path = Base.lproj/LaunchScreen.storyboard; sourceTree = "<group>"; };
		849187F22CC0992000523431 /* Info.plist */ = {isa = PBXFileReference; lastKnownFileType = text.plist.xml; path = Info.plist; sourceTree = "<group>"; };
		849187F82CC099FC00523431 /* Loger.swift */ = {isa = PBXFileReference; fileEncoding = 4; lastKnownFileType = sourcecode.swift; path = Loger.swift; sourceTree = "<group>"; };
		849187FA2CC09A1500523431 /* GeometricParams.swift */ = {isa = PBXFileReference; fileEncoding = 4; lastKnownFileType = sourcecode.swift; path = GeometricParams.swift; sourceTree = "<group>"; };
		849187FC2CC09A2100523431 /* GlobalFunc.swift */ = {isa = PBXFileReference; fileEncoding = 4; lastKnownFileType = sourcecode.swift; path = GlobalFunc.swift; sourceTree = "<group>"; };
		849187FD2CC09A2100523431 /* Notification + Extension.swift */ = {isa = PBXFileReference; fileEncoding = 4; lastKnownFileType = sourcecode.swift; path = "Notification + Extension.swift"; sourceTree = "<group>"; };
		849187FE2CC09A2100523431 /* UIButton + Extensions.swift */ = {isa = PBXFileReference; fileEncoding = 4; lastKnownFileType = sourcecode.swift; path = "UIButton + Extensions.swift"; sourceTree = "<group>"; };
		849187FF2CC09A2100523431 /* UIColor + Extensions.swift */ = {isa = PBXFileReference; fileEncoding = 4; lastKnownFileType = sourcecode.swift; path = "UIColor + Extensions.swift"; sourceTree = "<group>"; };
		849188002CC09A2100523431 /* UIView + Extension.swift */ = {isa = PBXFileReference; fileEncoding = 4; lastKnownFileType = sourcecode.swift; path = "UIView + Extension.swift"; sourceTree = "<group>"; };
		849188072CC09A3300523431 /* Cell.swift */ = {isa = PBXFileReference; fileEncoding = 4; lastKnownFileType = sourcecode.swift; path = Cell.swift; sourceTree = "<group>"; };
		849188082CC09A3300523431 /* ViewController.swift */ = {isa = PBXFileReference; fileEncoding = 4; lastKnownFileType = sourcecode.swift; path = ViewController.swift; sourceTree = "<group>"; };
		8491880C2CC09A3C00523431 /* CategoryBaseCell.swift */ = {isa = PBXFileReference; fileEncoding = 4; lastKnownFileType = sourcecode.swift; path = CategoryBaseCell.swift; sourceTree = "<group>"; };
		8491880D2CC09A3C00523431 /* ColorsCollectionViewCell.swift */ = {isa = PBXFileReference; fileEncoding = 4; lastKnownFileType = sourcecode.swift; path = ColorsCollectionViewCell.swift; sourceTree = "<group>"; };
		8491880E2CC09A3C00523431 /* ColorsTableViewCell.swift */ = {isa = PBXFileReference; fileEncoding = 4; lastKnownFileType = sourcecode.swift; path = ColorsTableViewCell.swift; sourceTree = "<group>"; };
		8491880F2CC09A3C00523431 /* CreateButtonsViewCell.swift */ = {isa = PBXFileReference; fileEncoding = 4; lastKnownFileType = sourcecode.swift; path = CreateButtonsViewCell.swift; sourceTree = "<group>"; };
		849188102CC09A3C00523431 /* TextViewCell.swift */ = {isa = PBXFileReference; fileEncoding = 4; lastKnownFileType = sourcecode.swift; path = TextViewCell.swift; sourceTree = "<group>"; };
		849188122CC09A3C00523431 /* CreatingTrackerViewController.swift */ = {isa = PBXFileReference; fileEncoding = 4; lastKnownFileType = sourcecode.swift; path = CreatingTrackerViewController.swift; sourceTree = "<group>"; };
		849188132CC09A3C00523431 /* TrackerSection.swift */ = {isa = PBXFileReference; fileEncoding = 4; lastKnownFileType = sourcecode.swift; path = TrackerSection.swift; sourceTree = "<group>"; };
		8491881C2CC09A4700523431 /* MainViewController.swift */ = {isa = PBXFileReference; fileEncoding = 4; lastKnownFileType = sourcecode.swift; path = MainViewController.swift; sourceTree = "<group>"; };
		8491881F2CC09A5800523431 /* Plholder.swift */ = {isa = PBXFileReference; fileEncoding = 4; lastKnownFileType = sourcecode.swift; path = Plholder.swift; sourceTree = "<group>"; };
		849188212CC09A7200523431 /* StatisticViewController.swift */ = {isa = PBXFileReference; fileEncoding = 4; lastKnownFileType = sourcecode.swift; path = StatisticViewController.swift; sourceTree = "<group>"; };
		849188232CC09A7200523431 /* ScheduleCell.swift */ = {isa = PBXFileReference; fileEncoding = 4; lastKnownFileType = sourcecode.swift; path = ScheduleCell.swift; sourceTree = "<group>"; };
		849188242CC09A7200523431 /* ScheduleViewController.swift */ = {isa = PBXFileReference; fileEncoding = 4; lastKnownFileType = sourcecode.swift; path = ScheduleViewController.swift; sourceTree = "<group>"; };
		849188292CC09A7700523431 /* CoreDataStack.swift */ = {isa = PBXFileReference; fileEncoding = 4; lastKnownFileType = sourcecode.swift; path = CoreDataStack.swift; sourceTree = "<group>"; };
		8491882C2CC09A7700523431 /* RecordStore.swift */ = {isa = PBXFileReference; fileEncoding = 4; lastKnownFileType = sourcecode.swift; path = RecordStore.swift; sourceTree = "<group>"; };
		8491882D2CC09A7700523431 /* TrackerCategoryStore.swift */ = {isa = PBXFileReference; fileEncoding = 4; lastKnownFileType = sourcecode.swift; path = TrackerCategoryStore.swift; sourceTree = "<group>"; };
		8491882E2CC09A7700523431 /* TrackerStore.swift */ = {isa = PBXFileReference; fileEncoding = 4; lastKnownFileType = sourcecode.swift; path = TrackerStore.swift; sourceTree = "<group>"; };
		849188302CC09A7700523431 /* DayOfTheWeek.swift */ = {isa = PBXFileReference; fileEncoding = 4; lastKnownFileType = sourcecode.swift; path = DayOfTheWeek.swift; sourceTree = "<group>"; };
		849188312CC09A7700523431 /* TCategory.swift */ = {isa = PBXFileReference; fileEncoding = 4; lastKnownFileType = sourcecode.swift; path = TCategory.swift; sourceTree = "<group>"; };
		849188322CC09A7700523431 /* Tracker.swift */ = {isa = PBXFileReference; fileEncoding = 4; lastKnownFileType = sourcecode.swift; path = Tracker.swift; sourceTree = "<group>"; };
		849188332CC09A7700523431 /* TRecord.swift */ = {isa = PBXFileReference; fileEncoding = 4; lastKnownFileType = sourcecode.swift; path = TRecord.swift; sourceTree = "<group>"; };
		849188352CC09A7700523431 /* Tracer.xcdatamodel */ = {isa = PBXFileReference; lastKnownFileType = wrapper.xcdatamodel; path = Tracer.xcdatamodel; sourceTree = "<group>"; };
		8491883F2CC09A7B00523431 /* HeaderView..swift */ = {isa = PBXFileReference; fileEncoding = 4; lastKnownFileType = sourcecode.swift; path = HeaderView..swift; sourceTree = "<group>"; };
		849188402CC09A7B00523431 /* TrackersCardCell.swift */ = {isa = PBXFileReference; fileEncoding = 4; lastKnownFileType = sourcecode.swift; path = TrackersCardCell.swift; sourceTree = "<group>"; };
		849188422CC09A7B00523431 /* ViewController + Extension DataSource.swift */ = {isa = PBXFileReference; fileEncoding = 4; lastKnownFileType = sourcecode.swift; path = "ViewController + Extension DataSource.swift"; sourceTree = "<group>"; };
		849188432CC09A7B00523431 /* ViewController + Extension Delegate.swift */ = {isa = PBXFileReference; fileEncoding = 4; lastKnownFileType = sourcecode.swift; path = "ViewController + Extension Delegate.swift"; sourceTree = "<group>"; };
		849188442CC09A7B00523431 /* ViewController + Extension DelegateFlowLayout.swift */ = {isa = PBXFileReference; fileEncoding = 4; lastKnownFileType = sourcecode.swift; path = "ViewController + Extension DelegateFlowLayout.swift"; sourceTree = "<group>"; };
		849188462CC09A7B00523431 /* TrackersPresenter.swift */ = {isa = PBXFileReference; fileEncoding = 4; lastKnownFileType = sourcecode.swift; path = TrackersPresenter.swift; sourceTree = "<group>"; };
		849188472CC09A7B00523431 /* TrackersViewController.swift */ = {isa = PBXFileReference; fileEncoding = 4; lastKnownFileType = sourcecode.swift; path = TrackersViewController.swift; sourceTree = "<group>"; };
		849188502CC09A8000523431 /* BaseTrackerViewController.swift */ = {isa = PBXFileReference; fileEncoding = 4; lastKnownFileType = sourcecode.swift; path = BaseTrackerViewController.swift; sourceTree = "<group>"; };
		849188512CC09A8000523431 /* ConfiguratorFactory.swift */ = {isa = PBXFileReference; fileEncoding = 4; lastKnownFileType = sourcecode.swift; path = ConfiguratorFactory.swift; sourceTree = "<group>"; };
		849188522CC09A8000523431 /* LayoutConfigurator.swift */ = {isa = PBXFileReference; fileEncoding = 4; lastKnownFileType = sourcecode.swift; path = LayoutConfigurator.swift; sourceTree = "<group>"; };
		849188532CC09A8000523431 /* TrackerViewControllerType.swift */ = {isa = PBXFileReference; fileEncoding = 4; lastKnownFileType = sourcecode.swift; path = TrackerViewControllerType.swift; sourceTree = "<group>"; };
		849188542CC09A8000523431 /* TypeTrackersLayoutConfigurator.swift */ = {isa = PBXFileReference; fileEncoding = 4; lastKnownFileType = sourcecode.swift; path = TypeTrackersLayoutConfigurator.swift; sourceTree = "<group>"; };
		849188552CC09A8000523431 /* TypeTrackersViewController.swift */ = {isa = PBXFileReference; fileEncoding = 4; lastKnownFileType = sourcecode.swift; path = TypeTrackersViewController.swift; sourceTree = "<group>"; };
/* End PBXFileReference section */

/* Begin PBXFrameworksBuildPhase section */
		849187DE2CC0991D00523431 /* Frameworks */ = {
			isa = PBXFrameworksBuildPhase;
			buildActionMask = 2147483647;
			files = (
			);
			runOnlyForDeploymentPostprocessing = 0;
		};
/* End PBXFrameworksBuildPhase section */

/* Begin PBXGroup section */
		849187D82CC0991D00523431 = {
			isa = PBXGroup;
			children = (
				849187E32CC0991D00523431 /* Tracker */,
				849187E22CC0991D00523431 /* Products */,
			);
			sourceTree = "<group>";
		};
		849187E22CC0991D00523431 /* Products */ = {
			isa = PBXGroup;
			children = (
				849187E12CC0991D00523431 /* Tracker.app */,
			);
			name = Products;
			sourceTree = "<group>";
		};
		849187E32CC0991D00523431 /* Tracker */ = {
			isa = PBXGroup;
			children = (
				849188562CC09A8000523431 /* TypeTrackersVC */,
				849188482CC09A7B00523431 /* TrackersVC */,
				849188342CC09A7700523431 /* Trackers Models */,
				849188252CC09A7200523431 /* ScheduleVC */,
				8491881D2CC09A4700523431 /* MainViewController */,
				849188142CC09A3C00523431 /* CreatingTrackersVC */,
				849188092CC09A3300523431 /* CategoryVC */,
				849188012CC09A2100523431 /* Global Extensions */,
				849187E42CC0991D00523431 /* AppDelegate.swift */,
				849187E62CC0991D00523431 /* SceneDelegate.swift */,
				849187ED2CC0992000523431 /* Assets.xcassets */,
				849187EF2CC0992000523431 /* LaunchScreen.storyboard */,
				849187F22CC0992000523431 /* Info.plist */,
				8491881F2CC09A5800523431 /* Plholder.swift */,
				849187F82CC099FC00523431 /* Loger.swift */,
				849187FA2CC09A1500523431 /* GeometricParams.swift */,
			);
			path = Tracker;
			sourceTree = "<group>";
		};
		849188012CC09A2100523431 /* Global Extensions */ = {
			isa = PBXGroup;
			children = (
				849187FC2CC09A2100523431 /* GlobalFunc.swift */,
				849187FD2CC09A2100523431 /* Notification + Extension.swift */,
				849187FE2CC09A2100523431 /* UIButton + Extensions.swift */,
				849187FF2CC09A2100523431 /* UIColor + Extensions.swift */,
				849188002CC09A2100523431 /* UIView + Extension.swift */,
			);
			path = "Global Extensions";
			sourceTree = "<group>";
		};
		849188092CC09A3300523431 /* CategoryVC */ = {
			isa = PBXGroup;
			children = (
				849188072CC09A3300523431 /* Cell.swift */,
				849188082CC09A3300523431 /* ViewController.swift */,
			);
			path = CategoryVC;
			sourceTree = "<group>";
		};
		849188112CC09A3C00523431 /* Cells */ = {
			isa = PBXGroup;
			children = (
				8491880C2CC09A3C00523431 /* CategoryBaseCell.swift */,
				8491880D2CC09A3C00523431 /* ColorsCollectionViewCell.swift */,
				8491880E2CC09A3C00523431 /* ColorsTableViewCell.swift */,
				8491880F2CC09A3C00523431 /* CreateButtonsViewCell.swift */,
				849188102CC09A3C00523431 /* TextViewCell.swift */,
			);
			path = Cells;
			sourceTree = "<group>";
		};
		849188142CC09A3C00523431 /* CreatingTrackersVC */ = {
			isa = PBXGroup;
			children = (
				849188112CC09A3C00523431 /* Cells */,
				849188122CC09A3C00523431 /* CreatingTrackerViewController.swift */,
				849188132CC09A3C00523431 /* TrackerSection.swift */,
			);
			path = CreatingTrackersVC;
			sourceTree = "<group>";
		};
		8491881D2CC09A4700523431 /* MainViewController */ = {
			isa = PBXGroup;
			children = (
				8491881C2CC09A4700523431 /* MainViewController.swift */,
			);
			path = MainViewController;
			sourceTree = "<group>";
		};
		849188222CC09A7200523431 /* StatisticVC */ = {
			isa = PBXGroup;
			children = (
				849188212CC09A7200523431 /* StatisticViewController.swift */,
			);
			path = StatisticVC;
			sourceTree = "<group>";
		};
		849188252CC09A7200523431 /* ScheduleVC */ = {
			isa = PBXGroup;
			children = (
				849188222CC09A7200523431 /* StatisticVC */,
				849188232CC09A7200523431 /* ScheduleCell.swift */,
				849188242CC09A7200523431 /* ScheduleViewController.swift */,
			);
			path = ScheduleVC;
			sourceTree = "<group>";
		};
		8491882B2CC09A7700523431 /* CoreData */ = {
			isa = PBXGroup;
			children = (
				849188292CC09A7700523431 /* CoreDataStack.swift */,
				8491882A2CC09A7700523431 /* Tracer.xcdatamodeld */,
			);
			path = CoreData;
			sourceTree = "<group>";
		};
		8491882F2CC09A7700523431 /* Store */ = {
			isa = PBXGroup;
			children = (
				8491882C2CC09A7700523431 /* RecordStore.swift */,
				8491882D2CC09A7700523431 /* TrackerCategoryStore.swift */,
				8491882E2CC09A7700523431 /* TrackerStore.swift */,
			);
			path = Store;
			sourceTree = "<group>";
		};
		849188342CC09A7700523431 /* Trackers Models */ = {
			isa = PBXGroup;
			children = (
				8491882B2CC09A7700523431 /* CoreData */,
				8491882F2CC09A7700523431 /* Store */,
				849188302CC09A7700523431 /* DayOfTheWeek.swift */,
				849188312CC09A7700523431 /* TCategory.swift */,
				849188322CC09A7700523431 /* Tracker.swift */,
				849188332CC09A7700523431 /* TRecord.swift */,
			);
			path = "Trackers Models";
			sourceTree = "<group>";
		};
		849188412CC09A7B00523431 /* TrackersVC Cells */ = {
			isa = PBXGroup;
			children = (
				8491883F2CC09A7B00523431 /* HeaderView..swift */,
				849188402CC09A7B00523431 /* TrackersCardCell.swift */,
			);
			path = "TrackersVC Cells";
			sourceTree = "<group>";
		};
		849188452CC09A7B00523431 /* TrackersVC Extensions */ = {
			isa = PBXGroup;
			children = (
				849188422CC09A7B00523431 /* ViewController + Extension DataSource.swift */,
				849188432CC09A7B00523431 /* ViewController + Extension Delegate.swift */,
				849188442CC09A7B00523431 /* ViewController + Extension DelegateFlowLayout.swift */,
			);
			path = "TrackersVC Extensions";
			sourceTree = "<group>";
		};
		849188482CC09A7B00523431 /* TrackersVC */ = {
			isa = PBXGroup;
			children = (
				849188412CC09A7B00523431 /* TrackersVC Cells */,
				849188452CC09A7B00523431 /* TrackersVC Extensions */,
				849188462CC09A7B00523431 /* TrackersPresenter.swift */,
				849188472CC09A7B00523431 /* TrackersViewController.swift */,
			);
			path = TrackersVC;
			sourceTree = "<group>";
		};
		849188562CC09A8000523431 /* TypeTrackersVC */ = {
			isa = PBXGroup;
			children = (
				849188502CC09A8000523431 /* BaseTrackerViewController.swift */,
				849188512CC09A8000523431 /* ConfiguratorFactory.swift */,
				849188522CC09A8000523431 /* LayoutConfigurator.swift */,
				849188532CC09A8000523431 /* TrackerViewControllerType.swift */,
				849188542CC09A8000523431 /* TypeTrackersLayoutConfigurator.swift */,
				849188552CC09A8000523431 /* TypeTrackersViewController.swift */,
			);
			path = TypeTrackersVC;
			sourceTree = "<group>";
		};
/* End PBXGroup section */

/* Begin PBXNativeTarget section */
		849187E02CC0991D00523431 /* Tracker */ = {
			isa = PBXNativeTarget;
			buildConfigurationList = 849187F52CC0992000523431 /* Build configuration list for PBXNativeTarget "Tracker" */;
			buildPhases = (
				849187DD2CC0991D00523431 /* Sources */,
				849187DE2CC0991D00523431 /* Frameworks */,
				849187DF2CC0991D00523431 /* Resources */,
			);
			buildRules = (
			);
			dependencies = (
			);
			name = Tracker;
			productName = Tracker;
			productReference = 849187E12CC0991D00523431 /* Tracker.app */;
			productType = "com.apple.product-type.application";
		};
/* End PBXNativeTarget section */

/* Begin PBXProject section */
		849187D92CC0991D00523431 /* Project object */ = {
			isa = PBXProject;
			attributes = {
				BuildIndependentTargetsInParallel = 1;
				LastSwiftUpdateCheck = 1540;
				LastUpgradeCheck = 1540;
				TargetAttributes = {
					849187E02CC0991D00523431 = {
						CreatedOnToolsVersion = 15.4;
					};
				};
			};
			buildConfigurationList = 849187DC2CC0991D00523431 /* Build configuration list for PBXProject "Tracker" */;
			compatibilityVersion = "Xcode 14.0";
			developmentRegion = en;
			hasScannedForEncodings = 0;
			knownRegions = (
				en,
				Base,
			);
			mainGroup = 849187D82CC0991D00523431;
			productRefGroup = 849187E22CC0991D00523431 /* Products */;
			projectDirPath = "";
			projectRoot = "";
			targets = (
				849187E02CC0991D00523431 /* Tracker */,
			);
		};
/* End PBXProject section */

/* Begin PBXResourcesBuildPhase section */
		849187DF2CC0991D00523431 /* Resources */ = {
			isa = PBXResourcesBuildPhase;
			buildActionMask = 2147483647;
			files = (
				849187EE2CC0992000523431 /* Assets.xcassets in Resources */,
				849187F12CC0992000523431 /* Base in Resources */,
			);
			runOnlyForDeploymentPostprocessing = 0;
		};
/* End PBXResourcesBuildPhase section */

/* Begin PBXSourcesBuildPhase section */
		849187DD2CC0991D00523431 /* Sources */ = {
			isa = PBXSourcesBuildPhase;
			buildActionMask = 2147483647;
			files = (
				849188372CC09A7700523431 /* Tracer.xcdatamodeld in Sources */,
				8491884E2CC09A7B00523431 /* TrackersPresenter.swift in Sources */,
				8491884F2CC09A7B00523431 /* TrackersViewController.swift in Sources */,
				849188032CC09A2100523431 /* Notification + Extension.swift in Sources */,
				849188152CC09A3C00523431 /* CategoryBaseCell.swift in Sources */,
				849187E52CC0991D00523431 /* AppDelegate.swift in Sources */,
				8491885A2CC09A8000523431 /* TrackerViewControllerType.swift in Sources */,
				8491883D2CC09A7700523431 /* Tracker.swift in Sources */,
				849188182CC09A3C00523431 /* CreateButtonsViewCell.swift in Sources */,
				8491885B2CC09A8000523431 /* TypeTrackersLayoutConfigurator.swift in Sources */,
				849188492CC09A7B00523431 /* HeaderView..swift in Sources */,
				849188042CC09A2100523431 /* UIButton + Extensions.swift in Sources */,
				849188582CC09A8000523431 /* ConfiguratorFactory.swift in Sources */,
				8491883C2CC09A7700523431 /* TCategory.swift in Sources */,
				849187FB2CC09A1500523431 /* GeometricParams.swift in Sources */,
				8491884A2CC09A7B00523431 /* TrackersCardCell.swift in Sources */,
				849188162CC09A3C00523431 /* ColorsCollectionViewCell.swift in Sources */,
				849188282CC09A7200523431 /* ScheduleViewController.swift in Sources */,
				849187E72CC0991D00523431 /* SceneDelegate.swift in Sources */,
				849188572CC09A8000523431 /* BaseTrackerViewController.swift in Sources */,
				8491880B2CC09A3300523431 /* ViewController.swift in Sources */,
				8491881A2CC09A3C00523431 /* CreatingTrackerViewController.swift in Sources */,
				849188052CC09A2100523431 /* UIColor + Extensions.swift in Sources */,
				8491885C2CC09A8000523431 /* TypeTrackersViewController.swift in Sources */,
				849188022CC09A2100523431 /* GlobalFunc.swift in Sources */,
				8491883A2CC09A7700523431 /* TrackerStore.swift in Sources */,
				849188392CC09A7700523431 /* TrackerCategoryStore.swift in Sources */,
				8491880A2CC09A3300523431 /* Cell.swift in Sources */,
				849188062CC09A2100523431 /* UIView + Extension.swift in Sources */,
				849188362CC09A7700523431 /* CoreDataStack.swift in Sources */,
				849187F92CC099FC00523431 /* Loger.swift in Sources */,
				849188592CC09A8000523431 /* LayoutConfigurator.swift in Sources */,
				849188262CC09A7200523431 /* StatisticViewController.swift in Sources */,
				8491881B2CC09A3C00523431 /* TrackerSection.swift in Sources */,
				849188192CC09A3C00523431 /* TextViewCell.swift in Sources */,
				849188172CC09A3C00523431 /* ColorsTableViewCell.swift in Sources */,
				849188382CC09A7700523431 /* RecordStore.swift in Sources */,
				8491883E2CC09A7700523431 /* TRecord.swift in Sources */,
				8491884C2CC09A7B00523431 /* ViewController + Extension Delegate.swift in Sources */,
				8491881E2CC09A4700523431 /* MainViewController.swift in Sources */,
				8491884B2CC09A7B00523431 /* ViewController + Extension DataSource.swift in Sources */,
				8491884D2CC09A7B00523431 /* ViewController + Extension DelegateFlowLayout.swift in Sources */,
				8491883B2CC09A7700523431 /* DayOfTheWeek.swift in Sources */,
				849188272CC09A7200523431 /* ScheduleCell.swift in Sources */,
				849188202CC09A5800523431 /* Plholder.swift in Sources */,
			);
			runOnlyForDeploymentPostprocessing = 0;
		};
/* End PBXSourcesBuildPhase section */

/* Begin PBXVariantGroup section */
		849187EF2CC0992000523431 /* LaunchScreen.storyboard */ = {
			isa = PBXVariantGroup;
			children = (
				849187F02CC0992000523431 /* Base */,
			);
			name = LaunchScreen.storyboard;
			sourceTree = "<group>";
		};
/* End PBXVariantGroup section */

/* Begin XCBuildConfiguration section */
		849187F32CC0992000523431 /* Debug */ = {
			isa = XCBuildConfiguration;
			buildSettings = {
				ALWAYS_SEARCH_USER_PATHS = NO;
				ASSETCATALOG_COMPILER_GENERATE_SWIFT_ASSET_SYMBOL_EXTENSIONS = YES;
				CLANG_ANALYZER_NONNULL = YES;
				CLANG_ANALYZER_NUMBER_OBJECT_CONVERSION = YES_AGGRESSIVE;
				CLANG_CXX_LANGUAGE_STANDARD = "gnu++20";
				CLANG_ENABLE_MODULES = YES;
				CLANG_ENABLE_OBJC_ARC = YES;
				CLANG_ENABLE_OBJC_WEAK = YES;
				CLANG_WARN_BLOCK_CAPTURE_AUTORELEASING = YES;
				CLANG_WARN_BOOL_CONVERSION = YES;
				CLANG_WARN_COMMA = YES;
				CLANG_WARN_CONSTANT_CONVERSION = YES;
				CLANG_WARN_DEPRECATED_OBJC_IMPLEMENTATIONS = YES;
				CLANG_WARN_DIRECT_OBJC_ISA_USAGE = YES_ERROR;
				CLANG_WARN_DOCUMENTATION_COMMENTS = YES;
				CLANG_WARN_EMPTY_BODY = YES;
				CLANG_WARN_ENUM_CONVERSION = YES;
				CLANG_WARN_INFINITE_RECURSION = YES;
				CLANG_WARN_INT_CONVERSION = YES;
				CLANG_WARN_NON_LITERAL_NULL_CONVERSION = YES;
				CLANG_WARN_OBJC_IMPLICIT_RETAIN_SELF = YES;
				CLANG_WARN_OBJC_LITERAL_CONVERSION = YES;
				CLANG_WARN_OBJC_ROOT_CLASS = YES_ERROR;
				CLANG_WARN_QUOTED_INCLUDE_IN_FRAMEWORK_HEADER = YES;
				CLANG_WARN_RANGE_LOOP_ANALYSIS = YES;
				CLANG_WARN_STRICT_PROTOTYPES = YES;
				CLANG_WARN_SUSPICIOUS_MOVE = YES;
				CLANG_WARN_UNGUARDED_AVAILABILITY = YES_AGGRESSIVE;
				CLANG_WARN_UNREACHABLE_CODE = YES;
				CLANG_WARN__DUPLICATE_METHOD_MATCH = YES;
				COPY_PHASE_STRIP = NO;
				DEBUG_INFORMATION_FORMAT = dwarf;
				ENABLE_STRICT_OBJC_MSGSEND = YES;
				ENABLE_TESTABILITY = YES;
				ENABLE_USER_SCRIPT_SANDBOXING = YES;
				GCC_C_LANGUAGE_STANDARD = gnu17;
				GCC_DYNAMIC_NO_PIC = NO;
				GCC_NO_COMMON_BLOCKS = YES;
				GCC_OPTIMIZATION_LEVEL = 0;
				GCC_PREPROCESSOR_DEFINITIONS = (
					"DEBUG=1",
					"$(inherited)",
				);
				GCC_WARN_64_TO_32_BIT_CONVERSION = YES;
				GCC_WARN_ABOUT_RETURN_TYPE = YES_ERROR;
				GCC_WARN_UNDECLARED_SELECTOR = YES;
				GCC_WARN_UNINITIALIZED_AUTOS = YES_AGGRESSIVE;
				GCC_WARN_UNUSED_FUNCTION = YES;
				GCC_WARN_UNUSED_VARIABLE = YES;
				IPHONEOS_DEPLOYMENT_TARGET = 17.5;
				LOCALIZATION_PREFERS_STRING_CATALOGS = YES;
				MTL_ENABLE_DEBUG_INFO = INCLUDE_SOURCE;
				MTL_FAST_MATH = YES;
				ONLY_ACTIVE_ARCH = YES;
				SDKROOT = iphoneos;
				SWIFT_ACTIVE_COMPILATION_CONDITIONS = "DEBUG $(inherited)";
				SWIFT_OPTIMIZATION_LEVEL = "-Onone";
			};
			name = Debug;
		};
		849187F42CC0992000523431 /* Release */ = {
			isa = XCBuildConfiguration;
			buildSettings = {
				ALWAYS_SEARCH_USER_PATHS = NO;
				ASSETCATALOG_COMPILER_GENERATE_SWIFT_ASSET_SYMBOL_EXTENSIONS = YES;
				CLANG_ANALYZER_NONNULL = YES;
				CLANG_ANALYZER_NUMBER_OBJECT_CONVERSION = YES_AGGRESSIVE;
				CLANG_CXX_LANGUAGE_STANDARD = "gnu++20";
				CLANG_ENABLE_MODULES = YES;
				CLANG_ENABLE_OBJC_ARC = YES;
				CLANG_ENABLE_OBJC_WEAK = YES;
				CLANG_WARN_BLOCK_CAPTURE_AUTORELEASING = YES;
				CLANG_WARN_BOOL_CONVERSION = YES;
				CLANG_WARN_COMMA = YES;
				CLANG_WARN_CONSTANT_CONVERSION = YES;
				CLANG_WARN_DEPRECATED_OBJC_IMPLEMENTATIONS = YES;
				CLANG_WARN_DIRECT_OBJC_ISA_USAGE = YES_ERROR;
				CLANG_WARN_DOCUMENTATION_COMMENTS = YES;
				CLANG_WARN_EMPTY_BODY = YES;
				CLANG_WARN_ENUM_CONVERSION = YES;
				CLANG_WARN_INFINITE_RECURSION = YES;
				CLANG_WARN_INT_CONVERSION = YES;
				CLANG_WARN_NON_LITERAL_NULL_CONVERSION = YES;
				CLANG_WARN_OBJC_IMPLICIT_RETAIN_SELF = YES;
				CLANG_WARN_OBJC_LITERAL_CONVERSION = YES;
				CLANG_WARN_OBJC_ROOT_CLASS = YES_ERROR;
				CLANG_WARN_QUOTED_INCLUDE_IN_FRAMEWORK_HEADER = YES;
				CLANG_WARN_RANGE_LOOP_ANALYSIS = YES;
				CLANG_WARN_STRICT_PROTOTYPES = YES;
				CLANG_WARN_SUSPICIOUS_MOVE = YES;
				CLANG_WARN_UNGUARDED_AVAILABILITY = YES_AGGRESSIVE;
				CLANG_WARN_UNREACHABLE_CODE = YES;
				CLANG_WARN__DUPLICATE_METHOD_MATCH = YES;
				COPY_PHASE_STRIP = NO;
				DEBUG_INFORMATION_FORMAT = "dwarf-with-dsym";
				ENABLE_NS_ASSERTIONS = NO;
				ENABLE_STRICT_OBJC_MSGSEND = YES;
				ENABLE_USER_SCRIPT_SANDBOXING = YES;
				GCC_C_LANGUAGE_STANDARD = gnu17;
				GCC_NO_COMMON_BLOCKS = YES;
				GCC_WARN_64_TO_32_BIT_CONVERSION = YES;
				GCC_WARN_ABOUT_RETURN_TYPE = YES_ERROR;
				GCC_WARN_UNDECLARED_SELECTOR = YES;
				GCC_WARN_UNINITIALIZED_AUTOS = YES_AGGRESSIVE;
				GCC_WARN_UNUSED_FUNCTION = YES;
				GCC_WARN_UNUSED_VARIABLE = YES;
				IPHONEOS_DEPLOYMENT_TARGET = 17.5;
				LOCALIZATION_PREFERS_STRING_CATALOGS = YES;
				MTL_ENABLE_DEBUG_INFO = NO;
				MTL_FAST_MATH = YES;
				SDKROOT = iphoneos;
				SWIFT_COMPILATION_MODE = wholemodule;
				VALIDATE_PRODUCT = YES;
			};
			name = Release;
		};
		849187F62CC0992000523431 /* Debug */ = {
			isa = XCBuildConfiguration;
			buildSettings = {
				ASSETCATALOG_COMPILER_APPICON_NAME = AppIcon;
				ASSETCATALOG_COMPILER_GLOBAL_ACCENT_COLOR_NAME = AccentColor;
				CODE_SIGN_STYLE = Automatic;
				CURRENT_PROJECT_VERSION = 1;
				DEVELOPMENT_TEAM = SPH9NFMSU9;
				GENERATE_INFOPLIST_FILE = YES;
				INFOPLIST_FILE = Tracker/Info.plist;
				INFOPLIST_KEY_UIApplicationSupportsIndirectInputEvents = YES;
				INFOPLIST_KEY_UILaunchStoryboardName = LaunchScreen;
				INFOPLIST_KEY_UISupportedInterfaceOrientations_iPad = "UIInterfaceOrientationPortrait UIInterfaceOrientationPortraitUpsideDown UIInterfaceOrientationLandscapeLeft UIInterfaceOrientationLandscapeRight";
				INFOPLIST_KEY_UISupportedInterfaceOrientations_iPhone = "UIInterfaceOrientationPortrait UIInterfaceOrientationLandscapeLeft UIInterfaceOrientationLandscapeRight";
				LD_RUNPATH_SEARCH_PATHS = (
					"$(inherited)",
					"@executable_path/Frameworks",
				);
				MARKETING_VERSION = 1.0;
				PRODUCT_BUNDLE_IDENTIFIER = "Yandex-Practicum.Tracker";
				PRODUCT_NAME = "$(TARGET_NAME)";
				SWIFT_EMIT_LOC_STRINGS = YES;
				SWIFT_VERSION = 5.0;
				TARGETED_DEVICE_FAMILY = "1,2";
			};
			name = Debug;
		};
		849187F72CC0992000523431 /* Release */ = {
			isa = XCBuildConfiguration;
			buildSettings = {
				ASSETCATALOG_COMPILER_APPICON_NAME = AppIcon;
				ASSETCATALOG_COMPILER_GLOBAL_ACCENT_COLOR_NAME = AccentColor;
				CODE_SIGN_STYLE = Automatic;
				CURRENT_PROJECT_VERSION = 1;
				DEVELOPMENT_TEAM = SPH9NFMSU9;
				GENERATE_INFOPLIST_FILE = YES;
				INFOPLIST_FILE = Tracker/Info.plist;
				INFOPLIST_KEY_UIApplicationSupportsIndirectInputEvents = YES;
				INFOPLIST_KEY_UILaunchStoryboardName = LaunchScreen;
				INFOPLIST_KEY_UISupportedInterfaceOrientations_iPad = "UIInterfaceOrientationPortrait UIInterfaceOrientationPortraitUpsideDown UIInterfaceOrientationLandscapeLeft UIInterfaceOrientationLandscapeRight";
				INFOPLIST_KEY_UISupportedInterfaceOrientations_iPhone = "UIInterfaceOrientationPortrait UIInterfaceOrientationLandscapeLeft UIInterfaceOrientationLandscapeRight";
				LD_RUNPATH_SEARCH_PATHS = (
					"$(inherited)",
					"@executable_path/Frameworks",
				);
				MARKETING_VERSION = 1.0;
				PRODUCT_BUNDLE_IDENTIFIER = "Yandex-Practicum.Tracker";
				PRODUCT_NAME = "$(TARGET_NAME)";
				SWIFT_EMIT_LOC_STRINGS = YES;
				SWIFT_VERSION = 5.0;
				TARGETED_DEVICE_FAMILY = "1,2";
			};
			name = Release;
		};
/* End XCBuildConfiguration section */

/* Begin XCConfigurationList section */
		849187DC2CC0991D00523431 /* Build configuration list for PBXProject "Tracker" */ = {
			isa = XCConfigurationList;
			buildConfigurations = (
				849187F32CC0992000523431 /* Debug */,
				849187F42CC0992000523431 /* Release */,
			);
			defaultConfigurationIsVisible = 0;
			defaultConfigurationName = Release;
		};
		849187F52CC0992000523431 /* Build configuration list for PBXNativeTarget "Tracker" */ = {
			isa = XCConfigurationList;
			buildConfigurations = (
				849187F62CC0992000523431 /* Debug */,
				849187F72CC0992000523431 /* Release */,
			);
			defaultConfigurationIsVisible = 0;
			defaultConfigurationName = Release;
		};
/* End XCConfigurationList section */

/* Begin XCVersionGroup section */
		8491882A2CC09A7700523431 /* Tracer.xcdatamodeld */ = {
			isa = XCVersionGroup;
			children = (
				849188352CC09A7700523431 /* Tracer.xcdatamodel */,
			);
			currentVersion = 849188352CC09A7700523431 /* Tracer.xcdatamodel */;
			name = Tracer.xcdatamodeld;
			path = "/Users/admin/Documents/Tracker/Tracker/Trackers Models/CoreData/Tracer.xcdatamodeld";
			sourceTree = "<group>";
			versionGroupType = wrapper.xcdatamodel;
		};
/* End XCVersionGroup section */
	};
	rootObject = 849187D92CC0991D00523431 /* Project object */;
}
